// !$*UTF8*$!
{
	archiveVersion = 1;
	classes = {
	};
	objectVersion = 55;
	objects = {

/* Begin PBXBuildFile section */
		EB2302C8284BD4340087790D /* Presentation.framework in Frameworks */ = {isa = PBXBuildFile; fileRef = EB2302C0284BD4340087790D /* Presentation.framework */; };
		EB2302CD284BD4340087790D /* SignUpPresenterTests.swift in Sources */ = {isa = PBXBuildFile; fileRef = EB2302CC284BD4340087790D /* SignUpPresenterTests.swift */; };
		EB2302D6284BDC520087790D /* SignUpPresenter.swift in Sources */ = {isa = PBXBuildFile; fileRef = EB2302D5284BDC520087790D /* SignUpPresenter.swift */; };
		EB2302D7284BDC7A0087790D /* Domain.framework in Frameworks */ = {isa = PBXBuildFile; fileRef = EBB3A6B928256D7D0049ABED /* Domain.framework */; };
		EB2302D8284BDC7A0087790D /* Domain.framework in Embed Frameworks */ = {isa = PBXBuildFile; fileRef = EBB3A6B928256D7D0049ABED /* Domain.framework */; settings = {ATTRIBUTES = (CodeSignOnCopy, RemoveHeadersOnCopy, ); }; };
		EB2302DE284BDCFB0087790D /* AlertView.swift in Sources */ = {isa = PBXBuildFile; fileRef = EB2302DD284BDCFB0087790D /* AlertView.swift */; };
		EB2302E3284BE0B20087790D /* EmailValidator.swift in Sources */ = {isa = PBXBuildFile; fileRef = EB2302E2284BE0B20087790D /* EmailValidator.swift */; };
		EB2302E4284BF8550087790D /* AccountModelFactory.swift in Sources */ = {isa = PBXBuildFile; fileRef = EBF5B0D22829BE9800688DDE /* AccountModelFactory.swift */; };
		EB2302E5284C024E0087790D /* TestExtensions.swift in Sources */ = {isa = PBXBuildFile; fileRef = EBF5B0CB2829BD8500688DDE /* TestExtensions.swift */; };
		EB701414283AE999001576FE /* AlamofireAdapter.swift in Sources */ = {isa = PBXBuildFile; fileRef = EB701413283AE999001576FE /* AlamofireAdapter.swift */; };
		EB701418283AEB1C001576FE /* URLProtocolStub.swift in Sources */ = {isa = PBXBuildFile; fileRef = EB701417283AEB1C001576FE /* URLProtocolStub.swift */; };
		EB701420283AF037001576FE /* AddAccountIntegrationTests.swift in Sources */ = {isa = PBXBuildFile; fileRef = EB70141F283AF037001576FE /* AddAccountIntegrationTests.swift */; };
		EB701421283AF037001576FE /* Data.framework in Frameworks */ = {isa = PBXBuildFile; fileRef = EBB3A6C9282574160049ABED /* Data.framework */; };
		EB994631284D22CE009C1D9E /* LoadingView.swift in Sources */ = {isa = PBXBuildFile; fileRef = EB994630284D22CE009C1D9E /* LoadingView.swift */; };
		EB994634284D2DE5009C1D9E /* SignUpViewModel.swift in Sources */ = {isa = PBXBuildFile; fileRef = EB994633284D2DE5009C1D9E /* SignUpViewModel.swift */; };
		EB994636284D2E4F009C1D9E /* SignUpMapper.swift in Sources */ = {isa = PBXBuildFile; fileRef = EB994635284D2E4F009C1D9E /* SignUpMapper.swift */; };
		EB99463A284D2F85009C1D9E /* AlertViewSpy.swift in Sources */ = {isa = PBXBuildFile; fileRef = EB994639284D2F85009C1D9E /* AlertViewSpy.swift */; };
		EB99463D284D2FB7009C1D9E /* EmailValidatorSpy.swift in Sources */ = {isa = PBXBuildFile; fileRef = EB99463C284D2FB7009C1D9E /* EmailValidatorSpy.swift */; };
		EB994640284D2FE4009C1D9E /* AddAccountSpy.swift in Sources */ = {isa = PBXBuildFile; fileRef = EB99463F284D2FE4009C1D9E /* AddAccountSpy.swift */; };
		EB994642284D3003009C1D9E /* LoadingViewSpy.swift in Sources */ = {isa = PBXBuildFile; fileRef = EB994641284D3003009C1D9E /* LoadingViewSpy.swift */; };
		EB994645284D30F3009C1D9E /* TestFactories.swift in Sources */ = {isa = PBXBuildFile; fileRef = EB994644284D30F3009C1D9E /* TestFactories.swift */; };
		EB994653284D3301009C1D9E /* UI.framework in Frameworks */ = {isa = PBXBuildFile; fileRef = EB99464B284D3301009C1D9E /* UI.framework */; };
		EB994658284D3301009C1D9E /* SignUpViewControllerTests.swift in Sources */ = {isa = PBXBuildFile; fileRef = EB994657284D3301009C1D9E /* SignUpViewControllerTests.swift */; };
		EB994660284D3441009C1D9E /* Presentation.framework in Frameworks */ = {isa = PBXBuildFile; fileRef = EB2302C0284BD4340087790D /* Presentation.framework */; };
		EB994661284D3441009C1D9E /* Presentation.framework in Embed Frameworks */ = {isa = PBXBuildFile; fileRef = EB2302C0284BD4340087790D /* Presentation.framework */; settings = {ATTRIBUTES = (CodeSignOnCopy, RemoveHeadersOnCopy, ); }; };
		EBB3A6C1282570FB0049ABED /* AddAccount.swift in Sources */ = {isa = PBXBuildFile; fileRef = EBB3A6C0282570FB0049ABED /* AddAccount.swift */; };
		EBB3A6C32825733F0049ABED /* AccountModel.swift in Sources */ = {isa = PBXBuildFile; fileRef = EBB3A6C22825733F0049ABED /* AccountModel.swift */; };
		EBB3A6D1282574160049ABED /* Data.framework in Frameworks */ = {isa = PBXBuildFile; fileRef = EBB3A6C9282574160049ABED /* Data.framework */; };
		EBB3A6D6282574160049ABED /* RemoteAddAccountTests.swift in Sources */ = {isa = PBXBuildFile; fileRef = EBB3A6D5282574160049ABED /* RemoteAddAccountTests.swift */; };
		EBB3A6DF2825747B0049ABED /* Domain.framework in Frameworks */ = {isa = PBXBuildFile; fileRef = EBB3A6B928256D7D0049ABED /* Domain.framework */; };
		EBB3A6E02825747B0049ABED /* Domain.framework in Embed Frameworks */ = {isa = PBXBuildFile; fileRef = EBB3A6B928256D7D0049ABED /* Domain.framework */; settings = {ATTRIBUTES = (CodeSignOnCopy, RemoveHeadersOnCopy, ); }; };
		EBCB224828343139006D3411 /* Infra.framework in Frameworks */ = {isa = PBXBuildFile; fileRef = EBCB224028343139006D3411 /* Infra.framework */; };
		EBCB224D28343139006D3411 /* AlamofireAdapterTests.swift in Sources */ = {isa = PBXBuildFile; fileRef = EBCB224C28343139006D3411 /* AlamofireAdapterTests.swift */; };
		EBCB225528343211006D3411 /* Data.framework in Frameworks */ = {isa = PBXBuildFile; fileRef = EBB3A6C9282574160049ABED /* Data.framework */; };
		EBCB225628343211006D3411 /* Data.framework in Embed Frameworks */ = {isa = PBXBuildFile; fileRef = EBB3A6C9282574160049ABED /* Data.framework */; settings = {ATTRIBUTES = (CodeSignOnCopy, RemoveHeadersOnCopy, ); }; };
		EBCB225A2834323C006D3411 /* TestExtensions.swift in Sources */ = {isa = PBXBuildFile; fileRef = EBF5B0CB2829BD8500688DDE /* TestExtensions.swift */; };
		EBCB225B28343248006D3411 /* TestFactories.swift in Sources */ = {isa = PBXBuildFile; fileRef = EBF5B0CD2829BDF200688DDE /* TestFactories.swift */; };
		EBCB225E283435BC006D3411 /* Alamofire in Frameworks */ = {isa = PBXBuildFile; productRef = EBCB225D283435BC006D3411 /* Alamofire */; };
		EBCB2260283435F0006D3411 /* Alamofire in Frameworks */ = {isa = PBXBuildFile; productRef = EBCB225F283435F0006D3411 /* Alamofire */; };
		EBF5B0B828298D0400688DDE /* Model.swift in Sources */ = {isa = PBXBuildFile; fileRef = EBF5B0B728298D0400688DDE /* Model.swift */; };
		EBF5B0BA28298DD400688DDE /* RemoteAddAccount.swift in Sources */ = {isa = PBXBuildFile; fileRef = EBF5B0B928298DD400688DDE /* RemoteAddAccount.swift */; };
		EBF5B0BC28298E3D00688DDE /* HttpPostClient.swift in Sources */ = {isa = PBXBuildFile; fileRef = EBF5B0BB28298E3D00688DDE /* HttpPostClient.swift */; };
		EBF5B0C4282991CA00688DDE /* DomainError.swift in Sources */ = {isa = PBXBuildFile; fileRef = EBF5B0C3282991CA00688DDE /* DomainError.swift */; };
		EBF5B0C6282993F100688DDE /* HttpError.swift in Sources */ = {isa = PBXBuildFile; fileRef = EBF5B0C5282993F100688DDE /* HttpError.swift */; };
		EBF5B0C928299D9400688DDE /* ExtensionHelpers.swift in Sources */ = {isa = PBXBuildFile; fileRef = EBF5B0C828299D9400688DDE /* ExtensionHelpers.swift */; };
		EBF5B0CC2829BD8500688DDE /* TestExtensions.swift in Sources */ = {isa = PBXBuildFile; fileRef = EBF5B0CB2829BD8500688DDE /* TestExtensions.swift */; };
		EBF5B0CE2829BDF200688DDE /* TestFactories.swift in Sources */ = {isa = PBXBuildFile; fileRef = EBF5B0CD2829BDF200688DDE /* TestFactories.swift */; };
		EBF5B0D12829BE3F00688DDE /* HttpClientSpy.swift in Sources */ = {isa = PBXBuildFile; fileRef = EBF5B0D02829BE3F00688DDE /* HttpClientSpy.swift */; };
		EBF5B0D32829BE9800688DDE /* AccountModelFactory.swift in Sources */ = {isa = PBXBuildFile; fileRef = EBF5B0D22829BE9800688DDE /* AccountModelFactory.swift */; };
/* End PBXBuildFile section */

/* Begin PBXContainerItemProxy section */
		EB2302C9284BD4340087790D /* PBXContainerItemProxy */ = {
			isa = PBXContainerItemProxy;
			containerPortal = EBB3A69528256AD10049ABED /* Project object */;
			proxyType = 1;
			remoteGlobalIDString = EB2302BF284BD4340087790D;
			remoteInfo = Presentation;
		};
		EB2302D9284BDC7A0087790D /* PBXContainerItemProxy */ = {
			isa = PBXContainerItemProxy;
			containerPortal = EBB3A69528256AD10049ABED /* Project object */;
			proxyType = 1;
			remoteGlobalIDString = EBB3A6B828256D7D0049ABED;
			remoteInfo = Domain;
		};
		EB701422283AF037001576FE /* PBXContainerItemProxy */ = {
			isa = PBXContainerItemProxy;
			containerPortal = EBB3A69528256AD10049ABED /* Project object */;
			proxyType = 1;
			remoteGlobalIDString = EBB3A6C8282574160049ABED;
			remoteInfo = Data;
		};
		EB701427283AF05E001576FE /* PBXContainerItemProxy */ = {
			isa = PBXContainerItemProxy;
			containerPortal = EBB3A69528256AD10049ABED /* Project object */;
			proxyType = 1;
			remoteGlobalIDString = EBB3A6B828256D7D0049ABED;
			remoteInfo = Domain;
		};
		EB701429283AF05E001576FE /* PBXContainerItemProxy */ = {
			isa = PBXContainerItemProxy;
			containerPortal = EBB3A69528256AD10049ABED /* Project object */;
			proxyType = 1;
			remoteGlobalIDString = EBCB223F28343139006D3411;
			remoteInfo = Infra;
		};
		EB994654284D3301009C1D9E /* PBXContainerItemProxy */ = {
			isa = PBXContainerItemProxy;
			containerPortal = EBB3A69528256AD10049ABED /* Project object */;
			proxyType = 1;
			remoteGlobalIDString = EB99464A284D3301009C1D9E;
			remoteInfo = UI;
		};
		EB994662284D3441009C1D9E /* PBXContainerItemProxy */ = {
			isa = PBXContainerItemProxy;
			containerPortal = EBB3A69528256AD10049ABED /* Project object */;
			proxyType = 1;
			remoteGlobalIDString = EB2302BF284BD4340087790D;
			remoteInfo = Presentation;
		};
		EBB3A6D2282574160049ABED /* PBXContainerItemProxy */ = {
			isa = PBXContainerItemProxy;
			containerPortal = EBB3A69528256AD10049ABED /* Project object */;
			proxyType = 1;
			remoteGlobalIDString = EBB3A6C8282574160049ABED;
			remoteInfo = Data;
		};
		EBB3A6E12825747B0049ABED /* PBXContainerItemProxy */ = {
			isa = PBXContainerItemProxy;
			containerPortal = EBB3A69528256AD10049ABED /* Project object */;
			proxyType = 1;
			remoteGlobalIDString = EBB3A6B828256D7D0049ABED;
			remoteInfo = Domain;
		};
		EBCB224928343139006D3411 /* PBXContainerItemProxy */ = {
			isa = PBXContainerItemProxy;
			containerPortal = EBB3A69528256AD10049ABED /* Project object */;
			proxyType = 1;
			remoteGlobalIDString = EBCB223F28343139006D3411;
			remoteInfo = Infra;
		};
		EBCB225728343211006D3411 /* PBXContainerItemProxy */ = {
			isa = PBXContainerItemProxy;
			containerPortal = EBB3A69528256AD10049ABED /* Project object */;
			proxyType = 1;
			remoteGlobalIDString = EBB3A6C8282574160049ABED;
			remoteInfo = Data;
		};
/* End PBXContainerItemProxy section */

/* Begin PBXCopyFilesBuildPhase section */
		EB2302DB284BDC7A0087790D /* Embed Frameworks */ = {
			isa = PBXCopyFilesBuildPhase;
			buildActionMask = 2147483647;
			dstPath = "";
			dstSubfolderSpec = 10;
			files = (
				EB2302D8284BDC7A0087790D /* Domain.framework in Embed Frameworks */,
			);
			name = "Embed Frameworks";
			runOnlyForDeploymentPostprocessing = 0;
		};
		EB994664284D3441009C1D9E /* Embed Frameworks */ = {
			isa = PBXCopyFilesBuildPhase;
			buildActionMask = 2147483647;
			dstPath = "";
			dstSubfolderSpec = 10;
			files = (
				EB994661284D3441009C1D9E /* Presentation.framework in Embed Frameworks */,
			);
			name = "Embed Frameworks";
			runOnlyForDeploymentPostprocessing = 0;
		};
		EBB3A6E32825747B0049ABED /* Embed Frameworks */ = {
			isa = PBXCopyFilesBuildPhase;
			buildActionMask = 2147483647;
			dstPath = "";
			dstSubfolderSpec = 10;
			files = (
				EBB3A6E02825747B0049ABED /* Domain.framework in Embed Frameworks */,
			);
			name = "Embed Frameworks";
			runOnlyForDeploymentPostprocessing = 0;
		};
		EBCB225928343211006D3411 /* Embed Frameworks */ = {
			isa = PBXCopyFilesBuildPhase;
			buildActionMask = 2147483647;
			dstPath = "";
			dstSubfolderSpec = 10;
			files = (
				EBCB225628343211006D3411 /* Data.framework in Embed Frameworks */,
			);
			name = "Embed Frameworks";
			runOnlyForDeploymentPostprocessing = 0;
		};
/* End PBXCopyFilesBuildPhase section */

/* Begin PBXFileReference section */
		EB2302C0284BD4340087790D /* Presentation.framework */ = {isa = PBXFileReference; explicitFileType = wrapper.framework; includeInIndex = 0; path = Presentation.framework; sourceTree = BUILT_PRODUCTS_DIR; };
		EB2302C7284BD4340087790D /* PresentationTests.xctest */ = {isa = PBXFileReference; explicitFileType = wrapper.cfbundle; includeInIndex = 0; path = PresentationTests.xctest; sourceTree = BUILT_PRODUCTS_DIR; };
		EB2302CC284BD4340087790D /* SignUpPresenterTests.swift */ = {isa = PBXFileReference; lastKnownFileType = sourcecode.swift; path = SignUpPresenterTests.swift; sourceTree = "<group>"; };
		EB2302D5284BDC520087790D /* SignUpPresenter.swift */ = {isa = PBXFileReference; lastKnownFileType = sourcecode.swift; path = SignUpPresenter.swift; sourceTree = "<group>"; };
		EB2302DD284BDCFB0087790D /* AlertView.swift */ = {isa = PBXFileReference; lastKnownFileType = sourcecode.swift; path = AlertView.swift; sourceTree = "<group>"; };
		EB2302E2284BE0B20087790D /* EmailValidator.swift */ = {isa = PBXFileReference; lastKnownFileType = sourcecode.swift; path = EmailValidator.swift; sourceTree = "<group>"; };
		EB701413283AE999001576FE /* AlamofireAdapter.swift */ = {isa = PBXFileReference; lastKnownFileType = sourcecode.swift; path = AlamofireAdapter.swift; sourceTree = "<group>"; };
		EB701417283AEB1C001576FE /* URLProtocolStub.swift */ = {isa = PBXFileReference; lastKnownFileType = sourcecode.swift; path = URLProtocolStub.swift; sourceTree = "<group>"; };
		EB70141D283AF037001576FE /* UseCasesIntegrationTests.xctest */ = {isa = PBXFileReference; explicitFileType = wrapper.cfbundle; includeInIndex = 0; path = UseCasesIntegrationTests.xctest; sourceTree = BUILT_PRODUCTS_DIR; };
		EB70141F283AF037001576FE /* AddAccountIntegrationTests.swift */ = {isa = PBXFileReference; lastKnownFileType = sourcecode.swift; path = AddAccountIntegrationTests.swift; sourceTree = "<group>"; };
		EB994630284D22CE009C1D9E /* LoadingView.swift */ = {isa = PBXFileReference; fileEncoding = 4; lastKnownFileType = sourcecode.swift; path = LoadingView.swift; sourceTree = "<group>"; };
		EB994633284D2DE5009C1D9E /* SignUpViewModel.swift */ = {isa = PBXFileReference; lastKnownFileType = sourcecode.swift; path = SignUpViewModel.swift; sourceTree = "<group>"; };
		EB994635284D2E4F009C1D9E /* SignUpMapper.swift */ = {isa = PBXFileReference; lastKnownFileType = sourcecode.swift; path = SignUpMapper.swift; sourceTree = "<group>"; };
		EB994639284D2F85009C1D9E /* AlertViewSpy.swift */ = {isa = PBXFileReference; lastKnownFileType = sourcecode.swift; path = AlertViewSpy.swift; sourceTree = "<group>"; };
		EB99463C284D2FB7009C1D9E /* EmailValidatorSpy.swift */ = {isa = PBXFileReference; lastKnownFileType = sourcecode.swift; path = EmailValidatorSpy.swift; sourceTree = "<group>"; };
		EB99463F284D2FE4009C1D9E /* AddAccountSpy.swift */ = {isa = PBXFileReference; lastKnownFileType = sourcecode.swift; path = AddAccountSpy.swift; sourceTree = "<group>"; };
		EB994641284D3003009C1D9E /* LoadingViewSpy.swift */ = {isa = PBXFileReference; lastKnownFileType = sourcecode.swift; path = LoadingViewSpy.swift; sourceTree = "<group>"; };
		EB994644284D30F3009C1D9E /* TestFactories.swift */ = {isa = PBXFileReference; lastKnownFileType = sourcecode.swift; path = TestFactories.swift; sourceTree = "<group>"; };
		EB99464B284D3301009C1D9E /* UI.framework */ = {isa = PBXFileReference; explicitFileType = wrapper.framework; includeInIndex = 0; path = UI.framework; sourceTree = BUILT_PRODUCTS_DIR; };
		EB994652284D3301009C1D9E /* UITests.xctest */ = {isa = PBXFileReference; explicitFileType = wrapper.cfbundle; includeInIndex = 0; path = UITests.xctest; sourceTree = BUILT_PRODUCTS_DIR; };
		EB994657284D3301009C1D9E /* SignUpViewControllerTests.swift */ = {isa = PBXFileReference; lastKnownFileType = sourcecode.swift; path = SignUpViewControllerTests.swift; sourceTree = "<group>"; };
		EBB3A6B928256D7D0049ABED /* Domain.framework */ = {isa = PBXFileReference; explicitFileType = wrapper.framework; includeInIndex = 0; path = Domain.framework; sourceTree = BUILT_PRODUCTS_DIR; };
		EBB3A6C0282570FB0049ABED /* AddAccount.swift */ = {isa = PBXFileReference; lastKnownFileType = sourcecode.swift; path = AddAccount.swift; sourceTree = "<group>"; };
		EBB3A6C22825733F0049ABED /* AccountModel.swift */ = {isa = PBXFileReference; lastKnownFileType = sourcecode.swift; path = AccountModel.swift; sourceTree = "<group>"; };
		EBB3A6C9282574160049ABED /* Data.framework */ = {isa = PBXFileReference; explicitFileType = wrapper.framework; includeInIndex = 0; path = Data.framework; sourceTree = BUILT_PRODUCTS_DIR; };
		EBB3A6D0282574160049ABED /* DataTests.xctest */ = {isa = PBXFileReference; explicitFileType = wrapper.cfbundle; includeInIndex = 0; path = DataTests.xctest; sourceTree = BUILT_PRODUCTS_DIR; };
		EBB3A6D5282574160049ABED /* RemoteAddAccountTests.swift */ = {isa = PBXFileReference; lastKnownFileType = sourcecode.swift; path = RemoteAddAccountTests.swift; sourceTree = "<group>"; };
		EBCB224028343139006D3411 /* Infra.framework */ = {isa = PBXFileReference; explicitFileType = wrapper.framework; includeInIndex = 0; path = Infra.framework; sourceTree = BUILT_PRODUCTS_DIR; };
		EBCB224728343139006D3411 /* InfraTests.xctest */ = {isa = PBXFileReference; explicitFileType = wrapper.cfbundle; includeInIndex = 0; path = InfraTests.xctest; sourceTree = BUILT_PRODUCTS_DIR; };
		EBCB224C28343139006D3411 /* AlamofireAdapterTests.swift */ = {isa = PBXFileReference; lastKnownFileType = sourcecode.swift; path = AlamofireAdapterTests.swift; sourceTree = "<group>"; };
		EBF5B0B728298D0400688DDE /* Model.swift */ = {isa = PBXFileReference; lastKnownFileType = sourcecode.swift; path = Model.swift; sourceTree = "<group>"; };
		EBF5B0B928298DD400688DDE /* RemoteAddAccount.swift */ = {isa = PBXFileReference; lastKnownFileType = sourcecode.swift; path = RemoteAddAccount.swift; sourceTree = "<group>"; };
		EBF5B0BB28298E3D00688DDE /* HttpPostClient.swift */ = {isa = PBXFileReference; lastKnownFileType = sourcecode.swift; path = HttpPostClient.swift; sourceTree = "<group>"; };
		EBF5B0C3282991CA00688DDE /* DomainError.swift */ = {isa = PBXFileReference; lastKnownFileType = sourcecode.swift; path = DomainError.swift; sourceTree = "<group>"; };
		EBF5B0C5282993F100688DDE /* HttpError.swift */ = {isa = PBXFileReference; lastKnownFileType = sourcecode.swift; path = HttpError.swift; sourceTree = "<group>"; };
		EBF5B0C828299D9400688DDE /* ExtensionHelpers.swift */ = {isa = PBXFileReference; lastKnownFileType = sourcecode.swift; path = ExtensionHelpers.swift; sourceTree = "<group>"; };
		EBF5B0CB2829BD8500688DDE /* TestExtensions.swift */ = {isa = PBXFileReference; lastKnownFileType = sourcecode.swift; path = TestExtensions.swift; sourceTree = "<group>"; };
		EBF5B0CD2829BDF200688DDE /* TestFactories.swift */ = {isa = PBXFileReference; lastKnownFileType = sourcecode.swift; path = TestFactories.swift; sourceTree = "<group>"; };
		EBF5B0D02829BE3F00688DDE /* HttpClientSpy.swift */ = {isa = PBXFileReference; lastKnownFileType = sourcecode.swift; path = HttpClientSpy.swift; sourceTree = "<group>"; };
		EBF5B0D22829BE9800688DDE /* AccountModelFactory.swift */ = {isa = PBXFileReference; lastKnownFileType = sourcecode.swift; path = AccountModelFactory.swift; sourceTree = "<group>"; };
/* End PBXFileReference section */

/* Begin PBXFrameworksBuildPhase section */
		EB2302BD284BD4340087790D /* Frameworks */ = {
			isa = PBXFrameworksBuildPhase;
			buildActionMask = 2147483647;
			files = (
				EB2302D7284BDC7A0087790D /* Domain.framework in Frameworks */,
			);
			runOnlyForDeploymentPostprocessing = 0;
		};
		EB2302C4284BD4340087790D /* Frameworks */ = {
			isa = PBXFrameworksBuildPhase;
			buildActionMask = 2147483647;
			files = (
				EB2302C8284BD4340087790D /* Presentation.framework in Frameworks */,
			);
			runOnlyForDeploymentPostprocessing = 0;
		};
		EB70141A283AF037001576FE /* Frameworks */ = {
			isa = PBXFrameworksBuildPhase;
			buildActionMask = 2147483647;
			files = (
				EB701421283AF037001576FE /* Data.framework in Frameworks */,
			);
			runOnlyForDeploymentPostprocessing = 0;
		};
		EB994648284D3301009C1D9E /* Frameworks */ = {
			isa = PBXFrameworksBuildPhase;
			buildActionMask = 2147483647;
			files = (
				EB994660284D3441009C1D9E /* Presentation.framework in Frameworks */,
			);
			runOnlyForDeploymentPostprocessing = 0;
		};
		EB99464F284D3301009C1D9E /* Frameworks */ = {
			isa = PBXFrameworksBuildPhase;
			buildActionMask = 2147483647;
			files = (
				EB994653284D3301009C1D9E /* UI.framework in Frameworks */,
			);
			runOnlyForDeploymentPostprocessing = 0;
		};
		EBB3A6B628256D7D0049ABED /* Frameworks */ = {
			isa = PBXFrameworksBuildPhase;
			buildActionMask = 2147483647;
			files = (
				EBCB225E283435BC006D3411 /* Alamofire in Frameworks */,
			);
			runOnlyForDeploymentPostprocessing = 0;
		};
		EBB3A6C6282574160049ABED /* Frameworks */ = {
			isa = PBXFrameworksBuildPhase;
			buildActionMask = 2147483647;
			files = (
				EBB3A6DF2825747B0049ABED /* Domain.framework in Frameworks */,
			);
			runOnlyForDeploymentPostprocessing = 0;
		};
		EBB3A6CD282574160049ABED /* Frameworks */ = {
			isa = PBXFrameworksBuildPhase;
			buildActionMask = 2147483647;
			files = (
				EBB3A6D1282574160049ABED /* Data.framework in Frameworks */,
			);
			runOnlyForDeploymentPostprocessing = 0;
		};
		EBCB223D28343139006D3411 /* Frameworks */ = {
			isa = PBXFrameworksBuildPhase;
			buildActionMask = 2147483647;
			files = (
				EBCB225528343211006D3411 /* Data.framework in Frameworks */,
				EBCB2260283435F0006D3411 /* Alamofire in Frameworks */,
			);
			runOnlyForDeploymentPostprocessing = 0;
		};
		EBCB224428343139006D3411 /* Frameworks */ = {
			isa = PBXFrameworksBuildPhase;
			buildActionMask = 2147483647;
			files = (
				EBCB224828343139006D3411 /* Infra.framework in Frameworks */,
			);
			runOnlyForDeploymentPostprocessing = 0;
		};
/* End PBXFrameworksBuildPhase section */

/* Begin PBXGroup section */
		EB2302C1284BD4340087790D /* Presentation */ = {
			isa = PBXGroup;
			children = (
				EB2302E1284BE0A20087790D /* Validators */,
				EB2302DC284BDCEB0087790D /* Views */,
				EB2302DF284BDD130087790D /* Presenters */,
			);
			path = Presentation;
			sourceTree = "<group>";
		};
		EB2302CB284BD4340087790D /* PresentationTests */ = {
			isa = PBXGroup;
			children = (
				EB994643284D30E1009C1D9E /* Helpers */,
				EB99463E284D2FD7009C1D9E /* UseCases */,
				EB99463B284D2FAE009C1D9E /* Validators */,
				EB994638284D2F6D009C1D9E /* Views */,
				EB2302E0284BDE480087790D /* Presenters */,
			);
			path = PresentationTests;
			sourceTree = "<group>";
		};
		EB2302DC284BDCEB0087790D /* Views */ = {
			isa = PBXGroup;
			children = (
				EB2302DD284BDCFB0087790D /* AlertView.swift */,
				EB994630284D22CE009C1D9E /* LoadingView.swift */,
			);
			path = Views;
			sourceTree = "<group>";
		};
		EB2302DF284BDD130087790D /* Presenters */ = {
			isa = PBXGroup;
			children = (
				EB994632284D2DD7009C1D9E /* SignUp */,
			);
			path = Presenters;
			sourceTree = "<group>";
		};
		EB2302E0284BDE480087790D /* Presenters */ = {
			isa = PBXGroup;
			children = (
				EB994637284D2F2B009C1D9E /* SignUp */,
			);
			path = Presenters;
			sourceTree = "<group>";
		};
		EB2302E1284BE0A20087790D /* Validators */ = {
			isa = PBXGroup;
			children = (
				EB2302E2284BE0B20087790D /* EmailValidator.swift */,
			);
			path = Validators;
			sourceTree = "<group>";
		};
		EB701415283AEA91001576FE /* Http */ = {
			isa = PBXGroup;
			children = (
				EB701413283AE999001576FE /* AlamofireAdapter.swift */,
			);
			path = Http;
			sourceTree = "<group>";
		};
		EB701416283AEAFA001576FE /* Http */ = {
			isa = PBXGroup;
			children = (
				EBCB224C28343139006D3411 /* AlamofireAdapterTests.swift */,
				EB701417283AEB1C001576FE /* URLProtocolStub.swift */,
			);
			path = Http;
			sourceTree = "<group>";
		};
		EB70141E283AF037001576FE /* UseCasesIntegrationTests */ = {
			isa = PBXGroup;
			children = (
				EB70141F283AF037001576FE /* AddAccountIntegrationTests.swift */,
			);
			path = UseCasesIntegrationTests;
			sourceTree = "<group>";
		};
		EB994632284D2DD7009C1D9E /* SignUp */ = {
			isa = PBXGroup;
			children = (
				EB2302D5284BDC520087790D /* SignUpPresenter.swift */,
				EB994633284D2DE5009C1D9E /* SignUpViewModel.swift */,
				EB994635284D2E4F009C1D9E /* SignUpMapper.swift */,
			);
			path = SignUp;
			sourceTree = "<group>";
		};
		EB994637284D2F2B009C1D9E /* SignUp */ = {
			isa = PBXGroup;
			children = (
				EB2302CC284BD4340087790D /* SignUpPresenterTests.swift */,
			);
			path = SignUp;
			sourceTree = "<group>";
		};
		EB994638284D2F6D009C1D9E /* Views */ = {
			isa = PBXGroup;
			children = (
				EB994639284D2F85009C1D9E /* AlertViewSpy.swift */,
				EB994641284D3003009C1D9E /* LoadingViewSpy.swift */,
			);
			path = Views;
			sourceTree = "<group>";
		};
		EB99463B284D2FAE009C1D9E /* Validators */ = {
			isa = PBXGroup;
			children = (
				EB99463C284D2FB7009C1D9E /* EmailValidatorSpy.swift */,
			);
			path = Validators;
			sourceTree = "<group>";
		};
		EB99463E284D2FD7009C1D9E /* UseCases */ = {
			isa = PBXGroup;
			children = (
				EB99463F284D2FE4009C1D9E /* AddAccountSpy.swift */,
			);
			path = UseCases;
			sourceTree = "<group>";
		};
		EB994643284D30E1009C1D9E /* Helpers */ = {
			isa = PBXGroup;
			children = (
				EB994644284D30F3009C1D9E /* TestFactories.swift */,
			);
			path = Helpers;
			sourceTree = "<group>";
		};
		EB99464C284D3301009C1D9E /* UI */ = {
			isa = PBXGroup;
			children = (
			);
			path = UI;
			sourceTree = "<group>";
		};
		EB994656284D3301009C1D9E /* UITests */ = {
			isa = PBXGroup;
			children = (
				EB994657284D3301009C1D9E /* SignUpViewControllerTests.swift */,
			);
			path = UITests;
			sourceTree = "<group>";
		};
		EBB3A69428256AD10049ABED = {
			isa = PBXGroup;
			children = (
				EBB3A6BA28256D7D0049ABED /* Domain */,
				EBB3A6CA282574160049ABED /* Data */,
				EBB3A6D4282574160049ABED /* DataTests */,
				EBCB224128343139006D3411 /* Infra */,
				EBCB224B28343139006D3411 /* InfraTests */,
				EB70141E283AF037001576FE /* UseCasesIntegrationTests */,
				EB2302C1284BD4340087790D /* Presentation */,
				EB2302CB284BD4340087790D /* PresentationTests */,
				EB99464C284D3301009C1D9E /* UI */,
				EB994656284D3301009C1D9E /* UITests */,
				EBB3A69F28256AD10049ABED /* Products */,
				EBB3A6DE2825747B0049ABED /* Frameworks */,
			);
			sourceTree = "<group>";
		};
		EBB3A69F28256AD10049ABED /* Products */ = {
			isa = PBXGroup;
			children = (
				EBB3A6B928256D7D0049ABED /* Domain.framework */,
				EBB3A6C9282574160049ABED /* Data.framework */,
				EBB3A6D0282574160049ABED /* DataTests.xctest */,
				EBCB224028343139006D3411 /* Infra.framework */,
				EBCB224728343139006D3411 /* InfraTests.xctest */,
				EB70141D283AF037001576FE /* UseCasesIntegrationTests.xctest */,
				EB2302C0284BD4340087790D /* Presentation.framework */,
				EB2302C7284BD4340087790D /* PresentationTests.xctest */,
				EB99464B284D3301009C1D9E /* UI.framework */,
				EB994652284D3301009C1D9E /* UITests.xctest */,
			);
			name = Products;
			sourceTree = "<group>";
		};
		EBB3A6BA28256D7D0049ABED /* Domain */ = {
			isa = PBXGroup;
			children = (
				EBF5B0BD28298EB800688DDE /* UseCases */,
				EBF5B0BE28298ED100688DDE /* Models */,
				EBF5B0C2282991BD00688DDE /* Errors */,
			);
			path = Domain;
			sourceTree = "<group>";
		};
		EBB3A6CA282574160049ABED /* Data */ = {
			isa = PBXGroup;
			children = (
				EBF5B0C728299D7A00688DDE /* Helpers */,
				EBF5B0BF28298EF300688DDE /* UseCases */,
				EBF5B0C028298F0C00688DDE /* Http */,
			);
			path = Data;
			sourceTree = "<group>";
		};
		EBB3A6D4282574160049ABED /* DataTests */ = {
			isa = PBXGroup;
			children = (
				EBF5B0CF2829BE3700688DDE /* Http */,
				EBF5B0CA2829BD5200688DDE /* Helpers */,
				EBF5B0C128298F1800688DDE /* UseCases */,
			);
			path = DataTests;
			sourceTree = "<group>";
		};
		EBB3A6DE2825747B0049ABED /* Frameworks */ = {
			isa = PBXGroup;
			children = (
			);
			name = Frameworks;
			sourceTree = "<group>";
		};
		EBCB224128343139006D3411 /* Infra */ = {
			isa = PBXGroup;
			children = (
				EB701415283AEA91001576FE /* Http */,
			);
			path = Infra;
			sourceTree = "<group>";
		};
		EBCB224B28343139006D3411 /* InfraTests */ = {
			isa = PBXGroup;
			children = (
				EB701416283AEAFA001576FE /* Http */,
			);
			path = InfraTests;
			sourceTree = "<group>";
		};
		EBF5B0BD28298EB800688DDE /* UseCases */ = {
			isa = PBXGroup;
			children = (
				EBB3A6C0282570FB0049ABED /* AddAccount.swift */,
			);
			path = UseCases;
			sourceTree = "<group>";
		};
		EBF5B0BE28298ED100688DDE /* Models */ = {
			isa = PBXGroup;
			children = (
				EBB3A6C22825733F0049ABED /* AccountModel.swift */,
				EBF5B0B728298D0400688DDE /* Model.swift */,
			);
			path = Models;
			sourceTree = "<group>";
		};
		EBF5B0BF28298EF300688DDE /* UseCases */ = {
			isa = PBXGroup;
			children = (
				EBF5B0B928298DD400688DDE /* RemoteAddAccount.swift */,
			);
			path = UseCases;
			sourceTree = "<group>";
		};
		EBF5B0C028298F0C00688DDE /* Http */ = {
			isa = PBXGroup;
			children = (
				EBF5B0BB28298E3D00688DDE /* HttpPostClient.swift */,
				EBF5B0C5282993F100688DDE /* HttpError.swift */,
			);
			path = Http;
			sourceTree = "<group>";
		};
		EBF5B0C128298F1800688DDE /* UseCases */ = {
			isa = PBXGroup;
			children = (
				EBB3A6D5282574160049ABED /* RemoteAddAccountTests.swift */,
			);
			path = UseCases;
			sourceTree = "<group>";
		};
		EBF5B0C2282991BD00688DDE /* Errors */ = {
			isa = PBXGroup;
			children = (
				EBF5B0C3282991CA00688DDE /* DomainError.swift */,
			);
			path = Errors;
			sourceTree = "<group>";
		};
		EBF5B0C728299D7A00688DDE /* Helpers */ = {
			isa = PBXGroup;
			children = (
				EBF5B0C828299D9400688DDE /* ExtensionHelpers.swift */,
			);
			path = Helpers;
			sourceTree = "<group>";
		};
		EBF5B0CA2829BD5200688DDE /* Helpers */ = {
			isa = PBXGroup;
			children = (
				EBF5B0CB2829BD8500688DDE /* TestExtensions.swift */,
				EBF5B0CD2829BDF200688DDE /* TestFactories.swift */,
				EBF5B0D22829BE9800688DDE /* AccountModelFactory.swift */,
			);
			path = Helpers;
			sourceTree = "<group>";
		};
		EBF5B0CF2829BE3700688DDE /* Http */ = {
			isa = PBXGroup;
			children = (
				EBF5B0D02829BE3F00688DDE /* HttpClientSpy.swift */,
			);
			path = Http;
			sourceTree = "<group>";
		};
/* End PBXGroup section */

/* Begin PBXHeadersBuildPhase section */
		EB2302BB284BD4340087790D /* Headers */ = {
			isa = PBXHeadersBuildPhase;
			buildActionMask = 2147483647;
			files = (
			);
			runOnlyForDeploymentPostprocessing = 0;
		};
		EB994646284D3301009C1D9E /* Headers */ = {
			isa = PBXHeadersBuildPhase;
			buildActionMask = 2147483647;
			files = (
			);
			runOnlyForDeploymentPostprocessing = 0;
		};
		EBB3A6B428256D7D0049ABED /* Headers */ = {
			isa = PBXHeadersBuildPhase;
			buildActionMask = 2147483647;
			files = (
			);
			runOnlyForDeploymentPostprocessing = 0;
		};
		EBB3A6C4282574160049ABED /* Headers */ = {
			isa = PBXHeadersBuildPhase;
			buildActionMask = 2147483647;
			files = (
			);
			runOnlyForDeploymentPostprocessing = 0;
		};
		EBCB223B28343139006D3411 /* Headers */ = {
			isa = PBXHeadersBuildPhase;
			buildActionMask = 2147483647;
			files = (
			);
			runOnlyForDeploymentPostprocessing = 0;
		};
/* End PBXHeadersBuildPhase section */

/* Begin PBXNativeTarget section */
		EB2302BF284BD4340087790D /* Presentation */ = {
			isa = PBXNativeTarget;
			buildConfigurationList = EB2302D3284BD4340087790D /* Build configuration list for PBXNativeTarget "Presentation" */;
			buildPhases = (
				EB2302BB284BD4340087790D /* Headers */,
				EB2302BC284BD4340087790D /* Sources */,
				EB2302BD284BD4340087790D /* Frameworks */,
				EB2302BE284BD4340087790D /* Resources */,
				EB2302DB284BDC7A0087790D /* Embed Frameworks */,
			);
			buildRules = (
			);
			dependencies = (
				EB2302DA284BDC7A0087790D /* PBXTargetDependency */,
			);
			name = Presentation;
			productName = Presentation;
			productReference = EB2302C0284BD4340087790D /* Presentation.framework */;
			productType = "com.apple.product-type.framework";
		};
		EB2302C6284BD4340087790D /* PresentationTests */ = {
			isa = PBXNativeTarget;
			buildConfigurationList = EB2302D4284BD4340087790D /* Build configuration list for PBXNativeTarget "PresentationTests" */;
			buildPhases = (
				EB2302C3284BD4340087790D /* Sources */,
				EB2302C4284BD4340087790D /* Frameworks */,
				EB2302C5284BD4340087790D /* Resources */,
			);
			buildRules = (
			);
			dependencies = (
				EB2302CA284BD4340087790D /* PBXTargetDependency */,
			);
			name = PresentationTests;
			productName = PresentationTests;
			productReference = EB2302C7284BD4340087790D /* PresentationTests.xctest */;
			productType = "com.apple.product-type.bundle.unit-test";
		};
		EB70141C283AF037001576FE /* UseCasesIntegrationTests */ = {
			isa = PBXNativeTarget;
			buildConfigurationList = EB701424283AF037001576FE /* Build configuration list for PBXNativeTarget "UseCasesIntegrationTests" */;
			buildPhases = (
				EB701419283AF037001576FE /* Sources */,
				EB70141A283AF037001576FE /* Frameworks */,
				EB70141B283AF037001576FE /* Resources */,
			);
			buildRules = (
			);
			dependencies = (
				EB701428283AF05E001576FE /* PBXTargetDependency */,
				EB70142A283AF05E001576FE /* PBXTargetDependency */,
				EB701423283AF037001576FE /* PBXTargetDependency */,
			);
			name = UseCasesIntegrationTests;
			productName = UseCasesIntegrationTests;
			productReference = EB70141D283AF037001576FE /* UseCasesIntegrationTests.xctest */;
			productType = "com.apple.product-type.bundle.unit-test";
		};
		EB99464A284D3301009C1D9E /* UI */ = {
			isa = PBXNativeTarget;
			buildConfigurationList = EB99465A284D3301009C1D9E /* Build configuration list for PBXNativeTarget "UI" */;
			buildPhases = (
				EB994646284D3301009C1D9E /* Headers */,
				EB994647284D3301009C1D9E /* Sources */,
				EB994648284D3301009C1D9E /* Frameworks */,
				EB994649284D3301009C1D9E /* Resources */,
				EB994664284D3441009C1D9E /* Embed Frameworks */,
			);
			buildRules = (
			);
			dependencies = (
				EB994663284D3441009C1D9E /* PBXTargetDependency */,
			);
			name = UI;
			productName = UI;
			productReference = EB99464B284D3301009C1D9E /* UI.framework */;
			productType = "com.apple.product-type.framework";
		};
		EB994651284D3301009C1D9E /* UITests */ = {
			isa = PBXNativeTarget;
			buildConfigurationList = EB99465D284D3301009C1D9E /* Build configuration list for PBXNativeTarget "UITests" */;
			buildPhases = (
				EB99464E284D3301009C1D9E /* Sources */,
				EB99464F284D3301009C1D9E /* Frameworks */,
				EB994650284D3301009C1D9E /* Resources */,
			);
			buildRules = (
			);
			dependencies = (
				EB994655284D3301009C1D9E /* PBXTargetDependency */,
			);
			name = UITests;
			productName = UITests;
			productReference = EB994652284D3301009C1D9E /* UITests.xctest */;
			productType = "com.apple.product-type.bundle.unit-test";
		};
		EBB3A6B828256D7D0049ABED /* Domain */ = {
			isa = PBXNativeTarget;
			buildConfigurationList = EBB3A6BD28256D7D0049ABED /* Build configuration list for PBXNativeTarget "Domain" */;
			buildPhases = (
				EBB3A6B428256D7D0049ABED /* Headers */,
				EBB3A6B528256D7D0049ABED /* Sources */,
				EBB3A6B628256D7D0049ABED /* Frameworks */,
				EBB3A6B728256D7D0049ABED /* Resources */,
			);
			buildRules = (
			);
			dependencies = (
			);
			name = Domain;
			packageProductDependencies = (
				EBCB225D283435BC006D3411 /* Alamofire */,
			);
			productName = Domain;
			productReference = EBB3A6B928256D7D0049ABED /* Domain.framework */;
			productType = "com.apple.product-type.framework";
		};
		EBB3A6C8282574160049ABED /* Data */ = {
			isa = PBXNativeTarget;
			buildConfigurationList = EBB3A6D8282574160049ABED /* Build configuration list for PBXNativeTarget "Data" */;
			buildPhases = (
				EBB3A6C4282574160049ABED /* Headers */,
				EBB3A6C5282574160049ABED /* Sources */,
				EBB3A6C6282574160049ABED /* Frameworks */,
				EBB3A6C7282574160049ABED /* Resources */,
				EBB3A6E32825747B0049ABED /* Embed Frameworks */,
			);
			buildRules = (
			);
			dependencies = (
				EBB3A6E22825747B0049ABED /* PBXTargetDependency */,
			);
			name = Data;
			productName = Data;
			productReference = EBB3A6C9282574160049ABED /* Data.framework */;
			productType = "com.apple.product-type.framework";
		};
		EBB3A6CF282574160049ABED /* DataTests */ = {
			isa = PBXNativeTarget;
			buildConfigurationList = EBB3A6DB282574160049ABED /* Build configuration list for PBXNativeTarget "DataTests" */;
			buildPhases = (
				EBB3A6CC282574160049ABED /* Sources */,
				EBB3A6CD282574160049ABED /* Frameworks */,
				EBB3A6CE282574160049ABED /* Resources */,
			);
			buildRules = (
			);
			dependencies = (
				EBB3A6D3282574160049ABED /* PBXTargetDependency */,
			);
			name = DataTests;
			productName = DataTests;
			productReference = EBB3A6D0282574160049ABED /* DataTests.xctest */;
			productType = "com.apple.product-type.bundle.unit-test";
		};
		EBCB223F28343139006D3411 /* Infra */ = {
			isa = PBXNativeTarget;
			buildConfigurationList = EBCB225328343139006D3411 /* Build configuration list for PBXNativeTarget "Infra" */;
			buildPhases = (
				EBCB223B28343139006D3411 /* Headers */,
				EBCB223C28343139006D3411 /* Sources */,
				EBCB223D28343139006D3411 /* Frameworks */,
				EBCB223E28343139006D3411 /* Resources */,
				EBCB225928343211006D3411 /* Embed Frameworks */,
			);
			buildRules = (
			);
			dependencies = (
				EBCB225828343211006D3411 /* PBXTargetDependency */,
			);
			name = Infra;
			packageProductDependencies = (
				EBCB225F283435F0006D3411 /* Alamofire */,
			);
			productName = Infra;
			productReference = EBCB224028343139006D3411 /* Infra.framework */;
			productType = "com.apple.product-type.framework";
		};
		EBCB224628343139006D3411 /* InfraTests */ = {
			isa = PBXNativeTarget;
			buildConfigurationList = EBCB225428343139006D3411 /* Build configuration list for PBXNativeTarget "InfraTests" */;
			buildPhases = (
				EBCB224328343139006D3411 /* Sources */,
				EBCB224428343139006D3411 /* Frameworks */,
				EBCB224528343139006D3411 /* Resources */,
			);
			buildRules = (
			);
			dependencies = (
				EBCB224A28343139006D3411 /* PBXTargetDependency */,
			);
			name = InfraTests;
			productName = InfraTests;
			productReference = EBCB224728343139006D3411 /* InfraTests.xctest */;
			productType = "com.apple.product-type.bundle.unit-test";
		};
/* End PBXNativeTarget section */

/* Begin PBXProject section */
		EBB3A69528256AD10049ABED /* Project object */ = {
			isa = PBXProject;
			attributes = {
				BuildIndependentTargetsInParallel = 1;
				LastSwiftUpdateCheck = 1330;
				LastUpgradeCheck = 1330;
				TargetAttributes = {
					EB2302BF284BD4340087790D = {
						CreatedOnToolsVersion = 13.3.1;
						LastSwiftMigration = 1330;
					};
					EB2302C6284BD4340087790D = {
						CreatedOnToolsVersion = 13.3.1;
					};
					EB70141C283AF037001576FE = {
						CreatedOnToolsVersion = 13.3.1;
					};
					EB99464A284D3301009C1D9E = {
						CreatedOnToolsVersion = 13.3.1;
					};
					EB994651284D3301009C1D9E = {
						CreatedOnToolsVersion = 13.3.1;
					};
					EBB3A6B828256D7D0049ABED = {
						CreatedOnToolsVersion = 13.3.1;
						LastSwiftMigration = 1330;
					};
					EBB3A6C8282574160049ABED = {
						CreatedOnToolsVersion = 13.3.1;
						LastSwiftMigration = 1330;
					};
					EBB3A6CF282574160049ABED = {
						CreatedOnToolsVersion = 13.3.1;
					};
					EBCB223F28343139006D3411 = {
						CreatedOnToolsVersion = 13.3.1;
						LastSwiftMigration = 1330;
					};
					EBCB224628343139006D3411 = {
						CreatedOnToolsVersion = 13.3.1;
					};
				};
			};
			buildConfigurationList = EBB3A69828256AD10049ABED /* Build configuration list for PBXProject "CleanApp" */;
			compatibilityVersion = "Xcode 13.0";
			developmentRegion = en;
			hasScannedForEncodings = 0;
			knownRegions = (
				en,
				Base,
			);
			mainGroup = EBB3A69428256AD10049ABED;
			packageReferences = (
				EBCB225C283435BC006D3411 /* XCRemoteSwiftPackageReference "Alamofire" */,
			);
			productRefGroup = EBB3A69F28256AD10049ABED /* Products */;
			projectDirPath = "";
			projectRoot = "";
			targets = (
				EBB3A6B828256D7D0049ABED /* Domain */,
				EBB3A6C8282574160049ABED /* Data */,
				EBB3A6CF282574160049ABED /* DataTests */,
				EBCB223F28343139006D3411 /* Infra */,
				EBCB224628343139006D3411 /* InfraTests */,
				EB70141C283AF037001576FE /* UseCasesIntegrationTests */,
				EB2302BF284BD4340087790D /* Presentation */,
				EB2302C6284BD4340087790D /* PresentationTests */,
				EB99464A284D3301009C1D9E /* UI */,
				EB994651284D3301009C1D9E /* UITests */,
			);
		};
/* End PBXProject section */

/* Begin PBXResourcesBuildPhase section */
		EB2302BE284BD4340087790D /* Resources */ = {
			isa = PBXResourcesBuildPhase;
			buildActionMask = 2147483647;
			files = (
			);
			runOnlyForDeploymentPostprocessing = 0;
		};
		EB2302C5284BD4340087790D /* Resources */ = {
			isa = PBXResourcesBuildPhase;
			buildActionMask = 2147483647;
			files = (
			);
			runOnlyForDeploymentPostprocessing = 0;
		};
		EB70141B283AF037001576FE /* Resources */ = {
			isa = PBXResourcesBuildPhase;
			buildActionMask = 2147483647;
			files = (
			);
			runOnlyForDeploymentPostprocessing = 0;
		};
		EB994649284D3301009C1D9E /* Resources */ = {
			isa = PBXResourcesBuildPhase;
			buildActionMask = 2147483647;
			files = (
			);
			runOnlyForDeploymentPostprocessing = 0;
		};
		EB994650284D3301009C1D9E /* Resources */ = {
			isa = PBXResourcesBuildPhase;
			buildActionMask = 2147483647;
			files = (
			);
			runOnlyForDeploymentPostprocessing = 0;
		};
		EBB3A6B728256D7D0049ABED /* Resources */ = {
			isa = PBXResourcesBuildPhase;
			buildActionMask = 2147483647;
			files = (
			);
			runOnlyForDeploymentPostprocessing = 0;
		};
		EBB3A6C7282574160049ABED /* Resources */ = {
			isa = PBXResourcesBuildPhase;
			buildActionMask = 2147483647;
			files = (
			);
			runOnlyForDeploymentPostprocessing = 0;
		};
		EBB3A6CE282574160049ABED /* Resources */ = {
			isa = PBXResourcesBuildPhase;
			buildActionMask = 2147483647;
			files = (
			);
			runOnlyForDeploymentPostprocessing = 0;
		};
		EBCB223E28343139006D3411 /* Resources */ = {
			isa = PBXResourcesBuildPhase;
			buildActionMask = 2147483647;
			files = (
			);
			runOnlyForDeploymentPostprocessing = 0;
		};
		EBCB224528343139006D3411 /* Resources */ = {
			isa = PBXResourcesBuildPhase;
			buildActionMask = 2147483647;
			files = (
			);
			runOnlyForDeploymentPostprocessing = 0;
		};
/* End PBXResourcesBuildPhase section */

/* Begin PBXSourcesBuildPhase section */
		EB2302BC284BD4340087790D /* Sources */ = {
			isa = PBXSourcesBuildPhase;
			buildActionMask = 2147483647;
			files = (
				EB994636284D2E4F009C1D9E /* SignUpMapper.swift in Sources */,
				EB2302D6284BDC520087790D /* SignUpPresenter.swift in Sources */,
				EB994631284D22CE009C1D9E /* LoadingView.swift in Sources */,
				EB994634284D2DE5009C1D9E /* SignUpViewModel.swift in Sources */,
				EB2302DE284BDCFB0087790D /* AlertView.swift in Sources */,
				EB2302E3284BE0B20087790D /* EmailValidator.swift in Sources */,
			);
			runOnlyForDeploymentPostprocessing = 0;
		};
		EB2302C3284BD4340087790D /* Sources */ = {
			isa = PBXSourcesBuildPhase;
			buildActionMask = 2147483647;
			files = (
				EB994642284D3003009C1D9E /* LoadingViewSpy.swift in Sources */,
				EB994640284D2FE4009C1D9E /* AddAccountSpy.swift in Sources */,
				EB99463A284D2F85009C1D9E /* AlertViewSpy.swift in Sources */,
				EB2302E4284BF8550087790D /* AccountModelFactory.swift in Sources */,
				EB99463D284D2FB7009C1D9E /* EmailValidatorSpy.swift in Sources */,
				EB2302E5284C024E0087790D /* TestExtensions.swift in Sources */,
				EB994645284D30F3009C1D9E /* TestFactories.swift in Sources */,
				EB2302CD284BD4340087790D /* SignUpPresenterTests.swift in Sources */,
			);
			runOnlyForDeploymentPostprocessing = 0;
		};
		EB701419283AF037001576FE /* Sources */ = {
			isa = PBXSourcesBuildPhase;
			buildActionMask = 2147483647;
			files = (
				EB701420283AF037001576FE /* AddAccountIntegrationTests.swift in Sources */,
			);
			runOnlyForDeploymentPostprocessing = 0;
		};
		EB994647284D3301009C1D9E /* Sources */ = {
			isa = PBXSourcesBuildPhase;
			buildActionMask = 2147483647;
			files = (
			);
			runOnlyForDeploymentPostprocessing = 0;
		};
		EB99464E284D3301009C1D9E /* Sources */ = {
			isa = PBXSourcesBuildPhase;
			buildActionMask = 2147483647;
			files = (
				EB994658284D3301009C1D9E /* SignUpViewControllerTests.swift in Sources */,
			);
			runOnlyForDeploymentPostprocessing = 0;
		};
		EBB3A6B528256D7D0049ABED /* Sources */ = {
			isa = PBXSourcesBuildPhase;
			buildActionMask = 2147483647;
			files = (
				EBF5B0B828298D0400688DDE /* Model.swift in Sources */,
				EBB3A6C1282570FB0049ABED /* AddAccount.swift in Sources */,
				EBF5B0C4282991CA00688DDE /* DomainError.swift in Sources */,
				EBB3A6C32825733F0049ABED /* AccountModel.swift in Sources */,
			);
			runOnlyForDeploymentPostprocessing = 0;
		};
		EBB3A6C5282574160049ABED /* Sources */ = {
			isa = PBXSourcesBuildPhase;
			buildActionMask = 2147483647;
			files = (
				EBF5B0BC28298E3D00688DDE /* HttpPostClient.swift in Sources */,
				EBF5B0C928299D9400688DDE /* ExtensionHelpers.swift in Sources */,
				EBF5B0C6282993F100688DDE /* HttpError.swift in Sources */,
				EBF5B0BA28298DD400688DDE /* RemoteAddAccount.swift in Sources */,
			);
			runOnlyForDeploymentPostprocessing = 0;
		};
		EBB3A6CC282574160049ABED /* Sources */ = {
			isa = PBXSourcesBuildPhase;
			buildActionMask = 2147483647;
			files = (
				EBF5B0CE2829BDF200688DDE /* TestFactories.swift in Sources */,
				EBF5B0D12829BE3F00688DDE /* HttpClientSpy.swift in Sources */,
				EBB3A6D6282574160049ABED /* RemoteAddAccountTests.swift in Sources */,
				EBF5B0D32829BE9800688DDE /* AccountModelFactory.swift in Sources */,
				EBF5B0CC2829BD8500688DDE /* TestExtensions.swift in Sources */,
			);
			runOnlyForDeploymentPostprocessing = 0;
		};
		EBCB223C28343139006D3411 /* Sources */ = {
			isa = PBXSourcesBuildPhase;
			buildActionMask = 2147483647;
			files = (
				EB701414283AE999001576FE /* AlamofireAdapter.swift in Sources */,
			);
			runOnlyForDeploymentPostprocessing = 0;
		};
		EBCB224328343139006D3411 /* Sources */ = {
			isa = PBXSourcesBuildPhase;
			buildActionMask = 2147483647;
			files = (
				EBCB225B28343248006D3411 /* TestFactories.swift in Sources */,
				EBCB224D28343139006D3411 /* AlamofireAdapterTests.swift in Sources */,
				EBCB225A2834323C006D3411 /* TestExtensions.swift in Sources */,
				EB701418283AEB1C001576FE /* URLProtocolStub.swift in Sources */,
			);
			runOnlyForDeploymentPostprocessing = 0;
		};
/* End PBXSourcesBuildPhase section */

/* Begin PBXTargetDependency section */
		EB2302CA284BD4340087790D /* PBXTargetDependency */ = {
			isa = PBXTargetDependency;
			target = EB2302BF284BD4340087790D /* Presentation */;
			targetProxy = EB2302C9284BD4340087790D /* PBXContainerItemProxy */;
		};
		EB2302DA284BDC7A0087790D /* PBXTargetDependency */ = {
			isa = PBXTargetDependency;
			target = EBB3A6B828256D7D0049ABED /* Domain */;
			targetProxy = EB2302D9284BDC7A0087790D /* PBXContainerItemProxy */;
		};
		EB701423283AF037001576FE /* PBXTargetDependency */ = {
			isa = PBXTargetDependency;
			target = EBB3A6C8282574160049ABED /* Data */;
			targetProxy = EB701422283AF037001576FE /* PBXContainerItemProxy */;
		};
		EB701428283AF05E001576FE /* PBXTargetDependency */ = {
			isa = PBXTargetDependency;
			target = EBB3A6B828256D7D0049ABED /* Domain */;
			targetProxy = EB701427283AF05E001576FE /* PBXContainerItemProxy */;
		};
		EB70142A283AF05E001576FE /* PBXTargetDependency */ = {
			isa = PBXTargetDependency;
			target = EBCB223F28343139006D3411 /* Infra */;
			targetProxy = EB701429283AF05E001576FE /* PBXContainerItemProxy */;
		};
		EB994655284D3301009C1D9E /* PBXTargetDependency */ = {
			isa = PBXTargetDependency;
			target = EB99464A284D3301009C1D9E /* UI */;
			targetProxy = EB994654284D3301009C1D9E /* PBXContainerItemProxy */;
		};
		EB994663284D3441009C1D9E /* PBXTargetDependency */ = {
			isa = PBXTargetDependency;
			target = EB2302BF284BD4340087790D /* Presentation */;
			targetProxy = EB994662284D3441009C1D9E /* PBXContainerItemProxy */;
		};
		EBB3A6D3282574160049ABED /* PBXTargetDependency */ = {
			isa = PBXTargetDependency;
			target = EBB3A6C8282574160049ABED /* Data */;
			targetProxy = EBB3A6D2282574160049ABED /* PBXContainerItemProxy */;
		};
		EBB3A6E22825747B0049ABED /* PBXTargetDependency */ = {
			isa = PBXTargetDependency;
			target = EBB3A6B828256D7D0049ABED /* Domain */;
			targetProxy = EBB3A6E12825747B0049ABED /* PBXContainerItemProxy */;
		};
		EBCB224A28343139006D3411 /* PBXTargetDependency */ = {
			isa = PBXTargetDependency;
			target = EBCB223F28343139006D3411 /* Infra */;
			targetProxy = EBCB224928343139006D3411 /* PBXContainerItemProxy */;
		};
		EBCB225828343211006D3411 /* PBXTargetDependency */ = {
			isa = PBXTargetDependency;
			target = EBB3A6C8282574160049ABED /* Data */;
			targetProxy = EBCB225728343211006D3411 /* PBXContainerItemProxy */;
		};
/* End PBXTargetDependency section */

/* Begin XCBuildConfiguration section */
		EB2302CF284BD4340087790D /* Debug */ = {
			isa = XCBuildConfiguration;
			buildSettings = {
				CLANG_ENABLE_MODULES = YES;
				CODE_SIGN_STYLE = Automatic;
				COMBINE_HIDPI_IMAGES = YES;
				CURRENT_PROJECT_VERSION = 1;
				DEFINES_MODULE = YES;
				DYLIB_COMPATIBILITY_VERSION = 1;
				DYLIB_CURRENT_VERSION = 1;
				DYLIB_INSTALL_NAME_BASE = "@rpath";
				GENERATE_INFOPLIST_FILE = YES;
				INFOPLIST_KEY_NSHumanReadableCopyright = "";
				INSTALL_PATH = "$(LOCAL_LIBRARY_DIR)/Frameworks";
				LD_RUNPATH_SEARCH_PATHS = (
					"$(inherited)",
					"@executable_path/../Frameworks",
					"@loader_path/Frameworks",
				);
				MACOSX_DEPLOYMENT_TARGET = 12.3;
				MARKETING_VERSION = 1.0;
				PRODUCT_BUNDLE_IDENTIFIER = MacBook.Presentation;
				PRODUCT_NAME = "$(TARGET_NAME:c99extidentifier)";
				SDKROOT = macosx;
				SKIP_INSTALL = YES;
				SUPPORTED_PLATFORMS = "macosx iphonesimulator iphoneos";
				SWIFT_EMIT_LOC_STRINGS = YES;
				SWIFT_OPTIMIZATION_LEVEL = "-Onone";
				SWIFT_VERSION = 5.0;
			};
			name = Debug;
		};
		EB2302D0284BD4340087790D /* Release */ = {
			isa = XCBuildConfiguration;
			buildSettings = {
				CLANG_ENABLE_MODULES = YES;
				CODE_SIGN_STYLE = Automatic;
				COMBINE_HIDPI_IMAGES = YES;
				CURRENT_PROJECT_VERSION = 1;
				DEFINES_MODULE = YES;
				DYLIB_COMPATIBILITY_VERSION = 1;
				DYLIB_CURRENT_VERSION = 1;
				DYLIB_INSTALL_NAME_BASE = "@rpath";
				GENERATE_INFOPLIST_FILE = YES;
				INFOPLIST_KEY_NSHumanReadableCopyright = "";
				INSTALL_PATH = "$(LOCAL_LIBRARY_DIR)/Frameworks";
				LD_RUNPATH_SEARCH_PATHS = (
					"$(inherited)",
					"@executable_path/../Frameworks",
					"@loader_path/Frameworks",
				);
				MACOSX_DEPLOYMENT_TARGET = 12.3;
				MARKETING_VERSION = 1.0;
				PRODUCT_BUNDLE_IDENTIFIER = MacBook.Presentation;
				PRODUCT_NAME = "$(TARGET_NAME:c99extidentifier)";
				SDKROOT = macosx;
				SKIP_INSTALL = YES;
				SUPPORTED_PLATFORMS = "macosx iphonesimulator iphoneos";
				SWIFT_EMIT_LOC_STRINGS = YES;
				SWIFT_VERSION = 5.0;
			};
			name = Release;
		};
		EB2302D1284BD4340087790D /* Debug */ = {
			isa = XCBuildConfiguration;
			buildSettings = {
				ALWAYS_EMBED_SWIFT_STANDARD_LIBRARIES = YES;
				CODE_SIGN_STYLE = Automatic;
				CURRENT_PROJECT_VERSION = 1;
				GENERATE_INFOPLIST_FILE = YES;
				MACOSX_DEPLOYMENT_TARGET = 12.3;
				MARKETING_VERSION = 1.0;
				PRODUCT_BUNDLE_IDENTIFIER = MacBook.PresentationTests;
				PRODUCT_NAME = "$(TARGET_NAME)";
				SDKROOT = macosx;
				SUPPORTED_PLATFORMS = "macosx iphonesimulator iphoneos";
				SWIFT_EMIT_LOC_STRINGS = NO;
				SWIFT_VERSION = 5.0;
			};
			name = Debug;
		};
		EB2302D2284BD4340087790D /* Release */ = {
			isa = XCBuildConfiguration;
			buildSettings = {
				ALWAYS_EMBED_SWIFT_STANDARD_LIBRARIES = YES;
				CODE_SIGN_STYLE = Automatic;
				CURRENT_PROJECT_VERSION = 1;
				GENERATE_INFOPLIST_FILE = YES;
				MACOSX_DEPLOYMENT_TARGET = 12.3;
				MARKETING_VERSION = 1.0;
				PRODUCT_BUNDLE_IDENTIFIER = MacBook.PresentationTests;
				PRODUCT_NAME = "$(TARGET_NAME)";
				SDKROOT = macosx;
				SUPPORTED_PLATFORMS = "macosx iphonesimulator iphoneos";
				SWIFT_EMIT_LOC_STRINGS = NO;
				SWIFT_VERSION = 5.0;
			};
			name = Release;
		};
		EB701425283AF037001576FE /* Debug */ = {
			isa = XCBuildConfiguration;
			buildSettings = {
				CODE_SIGN_STYLE = Automatic;
				CURRENT_PROJECT_VERSION = 1;
				GENERATE_INFOPLIST_FILE = YES;
				MACOSX_DEPLOYMENT_TARGET = 12.3;
				MARKETING_VERSION = 1.0;
				PRODUCT_BUNDLE_IDENTIFIER = MacBook.UseCasesIntegrationTests;
				PRODUCT_NAME = "$(TARGET_NAME)";
				SDKROOT = macosx;
				SUPPORTED_PLATFORMS = "macosx iphonesimulator iphoneos";
				SWIFT_EMIT_LOC_STRINGS = NO;
				SWIFT_VERSION = 5.0;
			};
			name = Debug;
		};
		EB701426283AF037001576FE /* Release */ = {
			isa = XCBuildConfiguration;
			buildSettings = {
				CODE_SIGN_STYLE = Automatic;
				CURRENT_PROJECT_VERSION = 1;
				GENERATE_INFOPLIST_FILE = YES;
				MACOSX_DEPLOYMENT_TARGET = 12.3;
				MARKETING_VERSION = 1.0;
				PRODUCT_BUNDLE_IDENTIFIER = MacBook.UseCasesIntegrationTests;
				PRODUCT_NAME = "$(TARGET_NAME)";
				SDKROOT = macosx;
				SUPPORTED_PLATFORMS = "macosx iphonesimulator iphoneos";
				SWIFT_EMIT_LOC_STRINGS = NO;
				SWIFT_VERSION = 5.0;
			};
			name = Release;
		};
		EB99465B284D3301009C1D9E /* Debug */ = {
			isa = XCBuildConfiguration;
			buildSettings = {
				CODE_SIGN_STYLE = Automatic;
				COMBINE_HIDPI_IMAGES = YES;
				CURRENT_PROJECT_VERSION = 1;
				DEFINES_MODULE = YES;
				DYLIB_COMPATIBILITY_VERSION = 1;
				DYLIB_CURRENT_VERSION = 1;
				DYLIB_INSTALL_NAME_BASE = "@rpath";
				GENERATE_INFOPLIST_FILE = YES;
				INFOPLIST_KEY_NSHumanReadableCopyright = "";
				INSTALL_PATH = "$(LOCAL_LIBRARY_DIR)/Frameworks";
				LD_RUNPATH_SEARCH_PATHS = (
					"$(inherited)",
					"@executable_path/../Frameworks",
					"@loader_path/Frameworks",
				);
				MACOSX_DEPLOYMENT_TARGET = 12.3;
				MARKETING_VERSION = 1.0;
				PRODUCT_BUNDLE_IDENTIFIER = MacBook.UI;
				PRODUCT_NAME = "$(TARGET_NAME:c99extidentifier)";
				SDKROOT = macosx;
				SKIP_INSTALL = YES;
				SUPPORTED_PLATFORMS = "macosx iphonesimulator iphoneos";
				SWIFT_EMIT_LOC_STRINGS = YES;
				SWIFT_VERSION = 5.0;
			};
			name = Debug;
		};
		EB99465C284D3301009C1D9E /* Release */ = {
			isa = XCBuildConfiguration;
			buildSettings = {
				CODE_SIGN_STYLE = Automatic;
				COMBINE_HIDPI_IMAGES = YES;
				CURRENT_PROJECT_VERSION = 1;
				DEFINES_MODULE = YES;
				DYLIB_COMPATIBILITY_VERSION = 1;
				DYLIB_CURRENT_VERSION = 1;
				DYLIB_INSTALL_NAME_BASE = "@rpath";
				GENERATE_INFOPLIST_FILE = YES;
				INFOPLIST_KEY_NSHumanReadableCopyright = "";
				INSTALL_PATH = "$(LOCAL_LIBRARY_DIR)/Frameworks";
				LD_RUNPATH_SEARCH_PATHS = (
					"$(inherited)",
					"@executable_path/../Frameworks",
					"@loader_path/Frameworks",
				);
				MACOSX_DEPLOYMENT_TARGET = 12.3;
				MARKETING_VERSION = 1.0;
				PRODUCT_BUNDLE_IDENTIFIER = MacBook.UI;
				PRODUCT_NAME = "$(TARGET_NAME:c99extidentifier)";
				SDKROOT = macosx;
				SKIP_INSTALL = YES;
				SUPPORTED_PLATFORMS = "macosx iphonesimulator iphoneos";
				SWIFT_EMIT_LOC_STRINGS = YES;
				SWIFT_VERSION = 5.0;
			};
			name = Release;
		};
		EB99465E284D3301009C1D9E /* Debug */ = {
			isa = XCBuildConfiguration;
			buildSettings = {
				CODE_SIGN_STYLE = Automatic;
				CURRENT_PROJECT_VERSION = 1;
				GENERATE_INFOPLIST_FILE = YES;
				MACOSX_DEPLOYMENT_TARGET = 12.3;
				MARKETING_VERSION = 1.0;
				PRODUCT_BUNDLE_IDENTIFIER = MacBook.UITests;
				PRODUCT_NAME = "$(TARGET_NAME)";
				SDKROOT = macosx;
				SUPPORTED_PLATFORMS = "macosx iphonesimulator iphoneos";
				SWIFT_EMIT_LOC_STRINGS = NO;
				SWIFT_VERSION = 5.0;
			};
			name = Debug;
		};
		EB99465F284D3301009C1D9E /* Release */ = {
			isa = XCBuildConfiguration;
			buildSettings = {
				CODE_SIGN_STYLE = Automatic;
				CURRENT_PROJECT_VERSION = 1;
				GENERATE_INFOPLIST_FILE = YES;
				MACOSX_DEPLOYMENT_TARGET = 12.3;
				MARKETING_VERSION = 1.0;
				PRODUCT_BUNDLE_IDENTIFIER = MacBook.UITests;
				PRODUCT_NAME = "$(TARGET_NAME)";
				SDKROOT = macosx;
				SUPPORTED_PLATFORMS = "macosx iphonesimulator iphoneos";
				SWIFT_EMIT_LOC_STRINGS = NO;
				SWIFT_VERSION = 5.0;
			};
			name = Release;
		};
		EBB3A6A328256AD10049ABED /* Debug */ = {
			isa = XCBuildConfiguration;
			buildSettings = {
				ALWAYS_SEARCH_USER_PATHS = NO;
				CLANG_ANALYZER_NONNULL = YES;
				CLANG_ANALYZER_NUMBER_OBJECT_CONVERSION = YES_AGGRESSIVE;
				CLANG_CXX_LANGUAGE_STANDARD = "gnu++17";
				CLANG_ENABLE_MODULES = YES;
				CLANG_ENABLE_OBJC_ARC = YES;
				CLANG_ENABLE_OBJC_WEAK = YES;
				CLANG_WARN_BLOCK_CAPTURE_AUTORELEASING = YES;
				CLANG_WARN_BOOL_CONVERSION = YES;
				CLANG_WARN_COMMA = YES;
				CLANG_WARN_CONSTANT_CONVERSION = YES;
				CLANG_WARN_DEPRECATED_OBJC_IMPLEMENTATIONS = YES;
				CLANG_WARN_DIRECT_OBJC_ISA_USAGE = YES_ERROR;
				CLANG_WARN_DOCUMENTATION_COMMENTS = YES;
				CLANG_WARN_EMPTY_BODY = YES;
				CLANG_WARN_ENUM_CONVERSION = YES;
				CLANG_WARN_INFINITE_RECURSION = YES;
				CLANG_WARN_INT_CONVERSION = YES;
				CLANG_WARN_NON_LITERAL_NULL_CONVERSION = YES;
				CLANG_WARN_OBJC_IMPLICIT_RETAIN_SELF = YES;
				CLANG_WARN_OBJC_LITERAL_CONVERSION = YES;
				CLANG_WARN_OBJC_ROOT_CLASS = YES_ERROR;
				CLANG_WARN_QUOTED_INCLUDE_IN_FRAMEWORK_HEADER = YES;
				CLANG_WARN_RANGE_LOOP_ANALYSIS = YES;
				CLANG_WARN_STRICT_PROTOTYPES = YES;
				CLANG_WARN_SUSPICIOUS_MOVE = YES;
				CLANG_WARN_UNGUARDED_AVAILABILITY = YES_AGGRESSIVE;
				CLANG_WARN_UNREACHABLE_CODE = YES;
				CLANG_WARN__DUPLICATE_METHOD_MATCH = YES;
				COPY_PHASE_STRIP = NO;
				CURRENT_PROJECT_VERSION = 1;
				DEBUG_INFORMATION_FORMAT = dwarf;
				ENABLE_STRICT_OBJC_MSGSEND = YES;
				ENABLE_TESTABILITY = YES;
				GCC_C_LANGUAGE_STANDARD = gnu11;
				GCC_DYNAMIC_NO_PIC = NO;
				GCC_NO_COMMON_BLOCKS = YES;
				GCC_OPTIMIZATION_LEVEL = 0;
				GCC_PREPROCESSOR_DEFINITIONS = (
					"DEBUG=1",
					"$(inherited)",
				);
				GCC_WARN_64_TO_32_BIT_CONVERSION = YES;
				GCC_WARN_ABOUT_RETURN_TYPE = YES_ERROR;
				GCC_WARN_UNDECLARED_SELECTOR = YES;
				GCC_WARN_UNINITIALIZED_AUTOS = YES_AGGRESSIVE;
				GCC_WARN_UNUSED_FUNCTION = YES;
				GCC_WARN_UNUSED_VARIABLE = YES;
				IPHONEOS_DEPLOYMENT_TARGET = 15.4;
				MTL_ENABLE_DEBUG_INFO = INCLUDE_SOURCE;
				MTL_FAST_MATH = YES;
				ONLY_ACTIVE_ARCH = YES;
				SDKROOT = iphoneos;
				SWIFT_ACTIVE_COMPILATION_CONDITIONS = DEBUG;
				SWIFT_OPTIMIZATION_LEVEL = "-Onone";
				VERSIONING_SYSTEM = "apple-generic";
				VERSION_INFO_PREFIX = "";
			};
			name = Debug;
		};
		EBB3A6A428256AD10049ABED /* Release */ = {
			isa = XCBuildConfiguration;
			buildSettings = {
				ALWAYS_SEARCH_USER_PATHS = NO;
				CLANG_ANALYZER_NONNULL = YES;
				CLANG_ANALYZER_NUMBER_OBJECT_CONVERSION = YES_AGGRESSIVE;
				CLANG_CXX_LANGUAGE_STANDARD = "gnu++17";
				CLANG_ENABLE_MODULES = YES;
				CLANG_ENABLE_OBJC_ARC = YES;
				CLANG_ENABLE_OBJC_WEAK = YES;
				CLANG_WARN_BLOCK_CAPTURE_AUTORELEASING = YES;
				CLANG_WARN_BOOL_CONVERSION = YES;
				CLANG_WARN_COMMA = YES;
				CLANG_WARN_CONSTANT_CONVERSION = YES;
				CLANG_WARN_DEPRECATED_OBJC_IMPLEMENTATIONS = YES;
				CLANG_WARN_DIRECT_OBJC_ISA_USAGE = YES_ERROR;
				CLANG_WARN_DOCUMENTATION_COMMENTS = YES;
				CLANG_WARN_EMPTY_BODY = YES;
				CLANG_WARN_ENUM_CONVERSION = YES;
				CLANG_WARN_INFINITE_RECURSION = YES;
				CLANG_WARN_INT_CONVERSION = YES;
				CLANG_WARN_NON_LITERAL_NULL_CONVERSION = YES;
				CLANG_WARN_OBJC_IMPLICIT_RETAIN_SELF = YES;
				CLANG_WARN_OBJC_LITERAL_CONVERSION = YES;
				CLANG_WARN_OBJC_ROOT_CLASS = YES_ERROR;
				CLANG_WARN_QUOTED_INCLUDE_IN_FRAMEWORK_HEADER = YES;
				CLANG_WARN_RANGE_LOOP_ANALYSIS = YES;
				CLANG_WARN_STRICT_PROTOTYPES = YES;
				CLANG_WARN_SUSPICIOUS_MOVE = YES;
				CLANG_WARN_UNGUARDED_AVAILABILITY = YES_AGGRESSIVE;
				CLANG_WARN_UNREACHABLE_CODE = YES;
				CLANG_WARN__DUPLICATE_METHOD_MATCH = YES;
				COPY_PHASE_STRIP = NO;
				CURRENT_PROJECT_VERSION = 1;
				DEBUG_INFORMATION_FORMAT = "dwarf-with-dsym";
				ENABLE_NS_ASSERTIONS = NO;
				ENABLE_STRICT_OBJC_MSGSEND = YES;
				GCC_C_LANGUAGE_STANDARD = gnu11;
				GCC_NO_COMMON_BLOCKS = YES;
				GCC_WARN_64_TO_32_BIT_CONVERSION = YES;
				GCC_WARN_ABOUT_RETURN_TYPE = YES_ERROR;
				GCC_WARN_UNDECLARED_SELECTOR = YES;
				GCC_WARN_UNINITIALIZED_AUTOS = YES_AGGRESSIVE;
				GCC_WARN_UNUSED_FUNCTION = YES;
				GCC_WARN_UNUSED_VARIABLE = YES;
				IPHONEOS_DEPLOYMENT_TARGET = 15.4;
				MTL_ENABLE_DEBUG_INFO = NO;
				MTL_FAST_MATH = YES;
				SDKROOT = iphoneos;
				SWIFT_COMPILATION_MODE = wholemodule;
				SWIFT_OPTIMIZATION_LEVEL = "-O";
				VALIDATE_PRODUCT = YES;
				VERSIONING_SYSTEM = "apple-generic";
				VERSION_INFO_PREFIX = "";
			};
			name = Release;
		};
		EBB3A6BE28256D7D0049ABED /* Debug */ = {
			isa = XCBuildConfiguration;
			buildSettings = {
				CLANG_ENABLE_MODULES = YES;
				CODE_SIGN_STYLE = Automatic;
				COMBINE_HIDPI_IMAGES = YES;
				CURRENT_PROJECT_VERSION = 1;
				DEFINES_MODULE = YES;
				DYLIB_COMPATIBILITY_VERSION = 1;
				DYLIB_CURRENT_VERSION = 1;
				DYLIB_INSTALL_NAME_BASE = "@rpath";
				GENERATE_INFOPLIST_FILE = YES;
				INFOPLIST_KEY_NSHumanReadableCopyright = "";
				INSTALL_PATH = "$(LOCAL_LIBRARY_DIR)/Frameworks";
				LD_RUNPATH_SEARCH_PATHS = (
					"$(inherited)",
					"@executable_path/../Frameworks",
					"@loader_path/Frameworks",
				);
				MACOSX_DEPLOYMENT_TARGET = 12.3;
				MARKETING_VERSION = 1.0;
				PRODUCT_BUNDLE_IDENTIFIER = MacBook.Domain;
				PRODUCT_NAME = "$(TARGET_NAME:c99extidentifier)";
				SDKROOT = macosx;
				SKIP_INSTALL = YES;
				SUPPORTED_PLATFORMS = "macosx iphonesimulator iphoneos";
				SWIFT_EMIT_LOC_STRINGS = YES;
				SWIFT_OPTIMIZATION_LEVEL = "-Onone";
				SWIFT_VERSION = 5.0;
			};
			name = Debug;
		};
		EBB3A6BF28256D7D0049ABED /* Release */ = {
			isa = XCBuildConfiguration;
			buildSettings = {
				CLANG_ENABLE_MODULES = YES;
				CODE_SIGN_STYLE = Automatic;
				COMBINE_HIDPI_IMAGES = YES;
				CURRENT_PROJECT_VERSION = 1;
				DEFINES_MODULE = YES;
				DYLIB_COMPATIBILITY_VERSION = 1;
				DYLIB_CURRENT_VERSION = 1;
				DYLIB_INSTALL_NAME_BASE = "@rpath";
				GENERATE_INFOPLIST_FILE = YES;
				INFOPLIST_KEY_NSHumanReadableCopyright = "";
				INSTALL_PATH = "$(LOCAL_LIBRARY_DIR)/Frameworks";
				LD_RUNPATH_SEARCH_PATHS = (
					"$(inherited)",
					"@executable_path/../Frameworks",
					"@loader_path/Frameworks",
				);
				MACOSX_DEPLOYMENT_TARGET = 12.3;
				MARKETING_VERSION = 1.0;
				PRODUCT_BUNDLE_IDENTIFIER = MacBook.Domain;
				PRODUCT_NAME = "$(TARGET_NAME:c99extidentifier)";
				SDKROOT = macosx;
				SKIP_INSTALL = YES;
				SUPPORTED_PLATFORMS = "macosx iphonesimulator iphoneos";
				SWIFT_EMIT_LOC_STRINGS = YES;
				SWIFT_VERSION = 5.0;
			};
			name = Release;
		};
		EBB3A6D9282574160049ABED /* Debug */ = {
			isa = XCBuildConfiguration;
			buildSettings = {
				CLANG_ENABLE_MODULES = YES;
				CODE_SIGN_STYLE = Automatic;
				COMBINE_HIDPI_IMAGES = YES;
				CURRENT_PROJECT_VERSION = 1;
				DEFINES_MODULE = YES;
				DYLIB_COMPATIBILITY_VERSION = 1;
				DYLIB_CURRENT_VERSION = 1;
				DYLIB_INSTALL_NAME_BASE = "@rpath";
				GENERATE_INFOPLIST_FILE = YES;
				INFOPLIST_KEY_NSHumanReadableCopyright = "";
				INSTALL_PATH = "$(LOCAL_LIBRARY_DIR)/Frameworks";
				LD_RUNPATH_SEARCH_PATHS = (
					"$(inherited)",
					"@executable_path/../Frameworks",
					"@loader_path/Frameworks",
				);
				MACOSX_DEPLOYMENT_TARGET = 12.3;
				MARKETING_VERSION = 1.0;
				PRODUCT_BUNDLE_IDENTIFIER = MacBook.Data;
				PRODUCT_NAME = "$(TARGET_NAME:c99extidentifier)";
				SDKROOT = macosx;
				SKIP_INSTALL = YES;
				SUPPORTED_PLATFORMS = "macosx iphonesimulator iphoneos";
				SWIFT_EMIT_LOC_STRINGS = YES;
				SWIFT_OPTIMIZATION_LEVEL = "-Onone";
				SWIFT_VERSION = 5.0;
			};
			name = Debug;
		};
		EBB3A6DA282574160049ABED /* Release */ = {
			isa = XCBuildConfiguration;
			buildSettings = {
				CLANG_ENABLE_MODULES = YES;
				CODE_SIGN_STYLE = Automatic;
				COMBINE_HIDPI_IMAGES = YES;
				CURRENT_PROJECT_VERSION = 1;
				DEFINES_MODULE = YES;
				DYLIB_COMPATIBILITY_VERSION = 1;
				DYLIB_CURRENT_VERSION = 1;
				DYLIB_INSTALL_NAME_BASE = "@rpath";
				GENERATE_INFOPLIST_FILE = YES;
				INFOPLIST_KEY_NSHumanReadableCopyright = "";
				INSTALL_PATH = "$(LOCAL_LIBRARY_DIR)/Frameworks";
				LD_RUNPATH_SEARCH_PATHS = (
					"$(inherited)",
					"@executable_path/../Frameworks",
					"@loader_path/Frameworks",
				);
				MACOSX_DEPLOYMENT_TARGET = 12.3;
				MARKETING_VERSION = 1.0;
				PRODUCT_BUNDLE_IDENTIFIER = MacBook.Data;
				PRODUCT_NAME = "$(TARGET_NAME:c99extidentifier)";
				SDKROOT = macosx;
				SKIP_INSTALL = YES;
				SUPPORTED_PLATFORMS = "macosx iphonesimulator iphoneos";
				SWIFT_EMIT_LOC_STRINGS = YES;
				SWIFT_VERSION = 5.0;
			};
			name = Release;
		};
		EBB3A6DC282574160049ABED /* Debug */ = {
			isa = XCBuildConfiguration;
			buildSettings = {
				ALWAYS_EMBED_SWIFT_STANDARD_LIBRARIES = YES;
				CODE_SIGN_STYLE = Automatic;
				CURRENT_PROJECT_VERSION = 1;
				GENERATE_INFOPLIST_FILE = YES;
				MACOSX_DEPLOYMENT_TARGET = 12.3;
				MARKETING_VERSION = 1.0;
				PRODUCT_BUNDLE_IDENTIFIER = MacBook.DataTests;
				PRODUCT_NAME = "$(TARGET_NAME)";
				SDKROOT = macosx;
				SUPPORTED_PLATFORMS = "macosx iphonesimulator iphoneos";
				SWIFT_EMIT_LOC_STRINGS = NO;
				SWIFT_VERSION = 5.0;
			};
			name = Debug;
		};
		EBB3A6DD282574160049ABED /* Release */ = {
			isa = XCBuildConfiguration;
			buildSettings = {
				ALWAYS_EMBED_SWIFT_STANDARD_LIBRARIES = YES;
				CODE_SIGN_STYLE = Automatic;
				CURRENT_PROJECT_VERSION = 1;
				GENERATE_INFOPLIST_FILE = YES;
				MACOSX_DEPLOYMENT_TARGET = 12.3;
				MARKETING_VERSION = 1.0;
				PRODUCT_BUNDLE_IDENTIFIER = MacBook.DataTests;
				PRODUCT_NAME = "$(TARGET_NAME)";
				SDKROOT = macosx;
				SUPPORTED_PLATFORMS = "macosx iphonesimulator iphoneos";
				SWIFT_EMIT_LOC_STRINGS = NO;
				SWIFT_VERSION = 5.0;
			};
			name = Release;
		};
		EBCB224F28343139006D3411 /* Debug */ = {
			isa = XCBuildConfiguration;
			buildSettings = {
				CLANG_ENABLE_MODULES = YES;
				CODE_SIGN_STYLE = Automatic;
				COMBINE_HIDPI_IMAGES = YES;
				CURRENT_PROJECT_VERSION = 1;
				DEFINES_MODULE = YES;
				DYLIB_COMPATIBILITY_VERSION = 1;
				DYLIB_CURRENT_VERSION = 1;
				DYLIB_INSTALL_NAME_BASE = "@rpath";
				GENERATE_INFOPLIST_FILE = YES;
				INFOPLIST_KEY_NSHumanReadableCopyright = "";
				INSTALL_PATH = "$(LOCAL_LIBRARY_DIR)/Frameworks";
				LD_RUNPATH_SEARCH_PATHS = (
					"$(inherited)",
					"@executable_path/../Frameworks",
					"@loader_path/Frameworks",
				);
				MACOSX_DEPLOYMENT_TARGET = 12.3;
				MARKETING_VERSION = 1.0;
				PRODUCT_BUNDLE_IDENTIFIER = MacBook.Infra;
				PRODUCT_NAME = "$(TARGET_NAME:c99extidentifier)";
				SDKROOT = macosx;
				SKIP_INSTALL = YES;
				SUPPORTED_PLATFORMS = "macosx iphonesimulator iphoneos";
				SWIFT_EMIT_LOC_STRINGS = YES;
				SWIFT_OPTIMIZATION_LEVEL = "-Onone";
				SWIFT_VERSION = 5.0;
			};
			name = Debug;
		};
		EBCB225028343139006D3411 /* Release */ = {
			isa = XCBuildConfiguration;
			buildSettings = {
				CLANG_ENABLE_MODULES = YES;
				CODE_SIGN_STYLE = Automatic;
				COMBINE_HIDPI_IMAGES = YES;
				CURRENT_PROJECT_VERSION = 1;
				DEFINES_MODULE = YES;
				DYLIB_COMPATIBILITY_VERSION = 1;
				DYLIB_CURRENT_VERSION = 1;
				DYLIB_INSTALL_NAME_BASE = "@rpath";
				GENERATE_INFOPLIST_FILE = YES;
				INFOPLIST_KEY_NSHumanReadableCopyright = "";
				INSTALL_PATH = "$(LOCAL_LIBRARY_DIR)/Frameworks";
				LD_RUNPATH_SEARCH_PATHS = (
					"$(inherited)",
					"@executable_path/../Frameworks",
					"@loader_path/Frameworks",
				);
				MACOSX_DEPLOYMENT_TARGET = 12.3;
				MARKETING_VERSION = 1.0;
				PRODUCT_BUNDLE_IDENTIFIER = MacBook.Infra;
				PRODUCT_NAME = "$(TARGET_NAME:c99extidentifier)";
				SDKROOT = macosx;
				SKIP_INSTALL = YES;
				SUPPORTED_PLATFORMS = "macosx iphonesimulator iphoneos";
				SWIFT_EMIT_LOC_STRINGS = YES;
				SWIFT_VERSION = 5.0;
			};
			name = Release;
		};
		EBCB225128343139006D3411 /* Debug */ = {
			isa = XCBuildConfiguration;
			buildSettings = {
				ALWAYS_EMBED_SWIFT_STANDARD_LIBRARIES = YES;
				CODE_SIGN_STYLE = Automatic;
				CURRENT_PROJECT_VERSION = 1;
				GENERATE_INFOPLIST_FILE = YES;
				MACOSX_DEPLOYMENT_TARGET = 12.3;
				MARKETING_VERSION = 1.0;
				PRODUCT_BUNDLE_IDENTIFIER = MacBook.InfraTests;
				PRODUCT_NAME = "$(TARGET_NAME)";
				SDKROOT = macosx;
				SUPPORTED_PLATFORMS = "macosx iphonesimulator iphoneos";
				SWIFT_EMIT_LOC_STRINGS = NO;
				SWIFT_VERSION = 5.0;
			};
			name = Debug;
		};
		EBCB225228343139006D3411 /* Release */ = {
			isa = XCBuildConfiguration;
			buildSettings = {
				ALWAYS_EMBED_SWIFT_STANDARD_LIBRARIES = YES;
				CODE_SIGN_STYLE = Automatic;
				CURRENT_PROJECT_VERSION = 1;
				GENERATE_INFOPLIST_FILE = YES;
				MACOSX_DEPLOYMENT_TARGET = 12.3;
				MARKETING_VERSION = 1.0;
				PRODUCT_BUNDLE_IDENTIFIER = MacBook.InfraTests;
				PRODUCT_NAME = "$(TARGET_NAME)";
				SDKROOT = macosx;
				SUPPORTED_PLATFORMS = "macosx iphonesimulator iphoneos";
				SWIFT_EMIT_LOC_STRINGS = NO;
				SWIFT_VERSION = 5.0;
			};
			name = Release;
		};
/* End XCBuildConfiguration section */

/* Begin XCConfigurationList section */
		EB2302D3284BD4340087790D /* Build configuration list for PBXNativeTarget "Presentation" */ = {
			isa = XCConfigurationList;
			buildConfigurations = (
				EB2302CF284BD4340087790D /* Debug */,
				EB2302D0284BD4340087790D /* Release */,
			);
			defaultConfigurationIsVisible = 0;
			defaultConfigurationName = Release;
		};
		EB2302D4284BD4340087790D /* Build configuration list for PBXNativeTarget "PresentationTests" */ = {
			isa = XCConfigurationList;
			buildConfigurations = (
				EB2302D1284BD4340087790D /* Debug */,
				EB2302D2284BD4340087790D /* Release */,
			);
			defaultConfigurationIsVisible = 0;
			defaultConfigurationName = Release;
		};
		EB701424283AF037001576FE /* Build configuration list for PBXNativeTarget "UseCasesIntegrationTests" */ = {
			isa = XCConfigurationList;
			buildConfigurations = (
				EB701425283AF037001576FE /* Debug */,
				EB701426283AF037001576FE /* Release */,
			);
			defaultConfigurationIsVisible = 0;
			defaultConfigurationName = Release;
		};
		EB99465A284D3301009C1D9E /* Build configuration list for PBXNativeTarget "UI" */ = {
			isa = XCConfigurationList;
			buildConfigurations = (
				EB99465B284D3301009C1D9E /* Debug */,
				EB99465C284D3301009C1D9E /* Release */,
			);
			defaultConfigurationIsVisible = 0;
			defaultConfigurationName = Release;
		};
		EB99465D284D3301009C1D9E /* Build configuration list for PBXNativeTarget "UITests" */ = {
			isa = XCConfigurationList;
			buildConfigurations = (
				EB99465E284D3301009C1D9E /* Debug */,
				EB99465F284D3301009C1D9E /* Release */,
			);
			defaultConfigurationIsVisible = 0;
			defaultConfigurationName = Release;
		};
		EBB3A69828256AD10049ABED /* Build configuration list for PBXProject "CleanApp" */ = {
			isa = XCConfigurationList;
			buildConfigurations = (
				EBB3A6A328256AD10049ABED /* Debug */,
				EBB3A6A428256AD10049ABED /* Release */,
			);
			defaultConfigurationIsVisible = 0;
			defaultConfigurationName = Release;
		};
		EBB3A6BD28256D7D0049ABED /* Build configuration list for PBXNativeTarget "Domain" */ = {
			isa = XCConfigurationList;
			buildConfigurations = (
				EBB3A6BE28256D7D0049ABED /* Debug */,
				EBB3A6BF28256D7D0049ABED /* Release */,
			);
			defaultConfigurationIsVisible = 0;
			defaultConfigurationName = Release;
		};
		EBB3A6D8282574160049ABED /* Build configuration list for PBXNativeTarget "Data" */ = {
			isa = XCConfigurationList;
			buildConfigurations = (
				EBB3A6D9282574160049ABED /* Debug */,
				EBB3A6DA282574160049ABED /* Release */,
			);
			defaultConfigurationIsVisible = 0;
			defaultConfigurationName = Release;
		};
		EBB3A6DB282574160049ABED /* Build configuration list for PBXNativeTarget "DataTests" */ = {
			isa = XCConfigurationList;
			buildConfigurations = (
				EBB3A6DC282574160049ABED /* Debug */,
				EBB3A6DD282574160049ABED /* Release */,
			);
			defaultConfigurationIsVisible = 0;
			defaultConfigurationName = Release;
		};
		EBCB225328343139006D3411 /* Build configuration list for PBXNativeTarget "Infra" */ = {
			isa = XCConfigurationList;
			buildConfigurations = (
				EBCB224F28343139006D3411 /* Debug */,
				EBCB225028343139006D3411 /* Release */,
			);
			defaultConfigurationIsVisible = 0;
			defaultConfigurationName = Release;
		};
		EBCB225428343139006D3411 /* Build configuration list for PBXNativeTarget "InfraTests" */ = {
			isa = XCConfigurationList;
			buildConfigurations = (
				EBCB225128343139006D3411 /* Debug */,
				EBCB225228343139006D3411 /* Release */,
			);
			defaultConfigurationIsVisible = 0;
			defaultConfigurationName = Release;
		};
/* End XCConfigurationList section */

/* Begin XCRemoteSwiftPackageReference section */
		EBCB225C283435BC006D3411 /* XCRemoteSwiftPackageReference "Alamofire" */ = {
			isa = XCRemoteSwiftPackageReference;
			repositoryURL = "https://github.com/Alamofire/Alamofire.git";
			requirement = {
				kind = upToNextMajorVersion;
				minimumVersion = 5.0.0;
			};
		};
/* End XCRemoteSwiftPackageReference section */

/* Begin XCSwiftPackageProductDependency section */
		EBCB225D283435BC006D3411 /* Alamofire */ = {
			isa = XCSwiftPackageProductDependency;
			package = EBCB225C283435BC006D3411 /* XCRemoteSwiftPackageReference "Alamofire" */;
			productName = Alamofire;
		};
		EBCB225F283435F0006D3411 /* Alamofire */ = {
			isa = XCSwiftPackageProductDependency;
			package = EBCB225C283435BC006D3411 /* XCRemoteSwiftPackageReference "Alamofire" */;
			productName = Alamofire;
		};
/* End XCSwiftPackageProductDependency section */
	};
	rootObject = EBB3A69528256AD10049ABED /* Project object */;
}
