// !$*UTF8*$!
{
	archiveVersion = 1;
	classes = {
	};
	objectVersion = 55;
	objects = {

/* Begin PBXBuildFile section */
		EBB3A6C1282570FB0049ABED /* AddAccount.swift in Sources */ = {isa = PBXBuildFile; fileRef = EBB3A6C0282570FB0049ABED /* AddAccount.swift */; };
		EBB3A6C32825733F0049ABED /* AccountModel.swift in Sources */ = {isa = PBXBuildFile; fileRef = EBB3A6C22825733F0049ABED /* AccountModel.swift */; };
		EBB3A6D1282574160049ABED /* Data.framework in Frameworks */ = {isa = PBXBuildFile; fileRef = EBB3A6C9282574160049ABED /* Data.framework */; };
		EBB3A6D6282574160049ABED /* RemoteAddAccountTests.swift in Sources */ = {isa = PBXBuildFile; fileRef = EBB3A6D5282574160049ABED /* RemoteAddAccountTests.swift */; };
		EBB3A6DF2825747B0049ABED /* Domain.framework in Frameworks */ = {isa = PBXBuildFile; fileRef = EBB3A6B928256D7D0049ABED /* Domain.framework */; };
		EBB3A6E02825747B0049ABED /* Domain.framework in Embed Frameworks */ = {isa = PBXBuildFile; fileRef = EBB3A6B928256D7D0049ABED /* Domain.framework */; settings = {ATTRIBUTES = (CodeSignOnCopy, RemoveHeadersOnCopy, ); }; };
		EBF5B0B828298D0400688DDE /* Model.swift in Sources */ = {isa = PBXBuildFile; fileRef = EBF5B0B728298D0400688DDE /* Model.swift */; };
		EBF5B0BA28298DD400688DDE /* RemoteAddAccount.swift in Sources */ = {isa = PBXBuildFile; fileRef = EBF5B0B928298DD400688DDE /* RemoteAddAccount.swift */; };
		EBF5B0BC28298E3D00688DDE /* HttpPostClient.swift in Sources */ = {isa = PBXBuildFile; fileRef = EBF5B0BB28298E3D00688DDE /* HttpPostClient.swift */; };
		EBF5B0C4282991CA00688DDE /* DomainError.swift in Sources */ = {isa = PBXBuildFile; fileRef = EBF5B0C3282991CA00688DDE /* DomainError.swift */; };
		EBF5B0C6282993F100688DDE /* HttpError.swift in Sources */ = {isa = PBXBuildFile; fileRef = EBF5B0C5282993F100688DDE /* HttpError.swift */; };
		EBF5B0C928299D9400688DDE /* ExtensionHelpers.swift in Sources */ = {isa = PBXBuildFile; fileRef = EBF5B0C828299D9400688DDE /* ExtensionHelpers.swift */; };
		EBF5B0CC2829BD8500688DDE /* TestExtensions.swift in Sources */ = {isa = PBXBuildFile; fileRef = EBF5B0CB2829BD8500688DDE /* TestExtensions.swift */; };
		EBF5B0CE2829BDF200688DDE /* TestFactories.swift in Sources */ = {isa = PBXBuildFile; fileRef = EBF5B0CD2829BDF200688DDE /* TestFactories.swift */; };
		EBF5B0D12829BE3F00688DDE /* HttpClientSpy.swift in Sources */ = {isa = PBXBuildFile; fileRef = EBF5B0D02829BE3F00688DDE /* HttpClientSpy.swift */; };
		EBF5B0D32829BE9800688DDE /* AccountModelFactory.swift in Sources */ = {isa = PBXBuildFile; fileRef = EBF5B0D22829BE9800688DDE /* AccountModelFactory.swift */; };
/* End PBXBuildFile section */

/* Begin PBXContainerItemProxy section */
		EBB3A6D2282574160049ABED /* PBXContainerItemProxy */ = {
			isa = PBXContainerItemProxy;
			containerPortal = EBB3A69528256AD10049ABED /* Project object */;
			proxyType = 1;
			remoteGlobalIDString = EBB3A6C8282574160049ABED;
			remoteInfo = Data;
		};
		EBB3A6E12825747B0049ABED /* PBXContainerItemProxy */ = {
			isa = PBXContainerItemProxy;
			containerPortal = EBB3A69528256AD10049ABED /* Project object */;
			proxyType = 1;
			remoteGlobalIDString = EBB3A6B828256D7D0049ABED;
			remoteInfo = Domain;
		};
/* End PBXContainerItemProxy section */

/* Begin PBXCopyFilesBuildPhase section */
		EBB3A6E32825747B0049ABED /* Embed Frameworks */ = {
			isa = PBXCopyFilesBuildPhase;
			buildActionMask = 2147483647;
			dstPath = "";
			dstSubfolderSpec = 10;
			files = (
				EBB3A6E02825747B0049ABED /* Domain.framework in Embed Frameworks */,
			);
			name = "Embed Frameworks";
			runOnlyForDeploymentPostprocessing = 0;
		};
/* End PBXCopyFilesBuildPhase section */

/* Begin PBXFileReference section */
		EBB3A6B928256D7D0049ABED /* Domain.framework */ = {isa = PBXFileReference; explicitFileType = wrapper.framework; includeInIndex = 0; path = Domain.framework; sourceTree = BUILT_PRODUCTS_DIR; };
		EBB3A6C0282570FB0049ABED /* AddAccount.swift */ = {isa = PBXFileReference; lastKnownFileType = sourcecode.swift; path = AddAccount.swift; sourceTree = "<group>"; };
		EBB3A6C22825733F0049ABED /* AccountModel.swift */ = {isa = PBXFileReference; lastKnownFileType = sourcecode.swift; path = AccountModel.swift; sourceTree = "<group>"; };
		EBB3A6C9282574160049ABED /* Data.framework */ = {isa = PBXFileReference; explicitFileType = wrapper.framework; includeInIndex = 0; path = Data.framework; sourceTree = BUILT_PRODUCTS_DIR; };
		EBB3A6D0282574160049ABED /* DataTests.xctest */ = {isa = PBXFileReference; explicitFileType = wrapper.cfbundle; includeInIndex = 0; path = DataTests.xctest; sourceTree = BUILT_PRODUCTS_DIR; };
		EBB3A6D5282574160049ABED /* RemoteAddAccountTests.swift */ = {isa = PBXFileReference; lastKnownFileType = sourcecode.swift; path = RemoteAddAccountTests.swift; sourceTree = "<group>"; };
		EBF5B0B728298D0400688DDE /* Model.swift */ = {isa = PBXFileReference; lastKnownFileType = sourcecode.swift; path = Model.swift; sourceTree = "<group>"; };
		EBF5B0B928298DD400688DDE /* RemoteAddAccount.swift */ = {isa = PBXFileReference; lastKnownFileType = sourcecode.swift; path = RemoteAddAccount.swift; sourceTree = "<group>"; };
		EBF5B0BB28298E3D00688DDE /* HttpPostClient.swift */ = {isa = PBXFileReference; lastKnownFileType = sourcecode.swift; path = HttpPostClient.swift; sourceTree = "<group>"; };
		EBF5B0C3282991CA00688DDE /* DomainError.swift */ = {isa = PBXFileReference; lastKnownFileType = sourcecode.swift; path = DomainError.swift; sourceTree = "<group>"; };
		EBF5B0C5282993F100688DDE /* HttpError.swift */ = {isa = PBXFileReference; lastKnownFileType = sourcecode.swift; path = HttpError.swift; sourceTree = "<group>"; };
		EBF5B0C828299D9400688DDE /* ExtensionHelpers.swift */ = {isa = PBXFileReference; lastKnownFileType = sourcecode.swift; path = ExtensionHelpers.swift; sourceTree = "<group>"; };
		EBF5B0CB2829BD8500688DDE /* TestExtensions.swift */ = {isa = PBXFileReference; lastKnownFileType = sourcecode.swift; path = TestExtensions.swift; sourceTree = "<group>"; };
		EBF5B0CD2829BDF200688DDE /* TestFactories.swift */ = {isa = PBXFileReference; lastKnownFileType = sourcecode.swift; path = TestFactories.swift; sourceTree = "<group>"; };
		EBF5B0D02829BE3F00688DDE /* HttpClientSpy.swift */ = {isa = PBXFileReference; lastKnownFileType = sourcecode.swift; path = HttpClientSpy.swift; sourceTree = "<group>"; };
		EBF5B0D22829BE9800688DDE /* AccountModelFactory.swift */ = {isa = PBXFileReference; lastKnownFileType = sourcecode.swift; path = AccountModelFactory.swift; sourceTree = "<group>"; };
/* End PBXFileReference section */

/* Begin PBXFrameworksBuildPhase section */
		EBB3A6B628256D7D0049ABED /* Frameworks */ = {
			isa = PBXFrameworksBuildPhase;
			buildActionMask = 2147483647;
			files = (
			);
			runOnlyForDeploymentPostprocessing = 0;
		};
		EBB3A6C6282574160049ABED /* Frameworks */ = {
			isa = PBXFrameworksBuildPhase;
			buildActionMask = 2147483647;
			files = (
				EBB3A6DF2825747B0049ABED /* Domain.framework in Frameworks */,
			);
			runOnlyForDeploymentPostprocessing = 0;
		};
		EBB3A6CD282574160049ABED /* Frameworks */ = {
			isa = PBXFrameworksBuildPhase;
			buildActionMask = 2147483647;
			files = (
				EBB3A6D1282574160049ABED /* Data.framework in Frameworks */,
			);
			runOnlyForDeploymentPostprocessing = 0;
		};
/* End PBXFrameworksBuildPhase section */

/* Begin PBXGroup section */
		EBB3A69428256AD10049ABED = {
			isa = PBXGroup;
			children = (
				EBB3A6BA28256D7D0049ABED /* Domain */,
				EBB3A6CA282574160049ABED /* Data */,
				EBB3A6D4282574160049ABED /* DataTests */,
				EBB3A69F28256AD10049ABED /* Products */,
				EBB3A6DE2825747B0049ABED /* Frameworks */,
			);
			sourceTree = "<group>";
		};
		EBB3A69F28256AD10049ABED /* Products */ = {
			isa = PBXGroup;
			children = (
				EBB3A6B928256D7D0049ABED /* Domain.framework */,
				EBB3A6C9282574160049ABED /* Data.framework */,
				EBB3A6D0282574160049ABED /* DataTests.xctest */,
			);
			name = Products;
			sourceTree = "<group>";
		};
		EBB3A6BA28256D7D0049ABED /* Domain */ = {
			isa = PBXGroup;
			children = (
				EBF5B0BD28298EB800688DDE /* UseCases */,
				EBF5B0BE28298ED100688DDE /* Models */,
				EBF5B0C2282991BD00688DDE /* Errors */,
			);
			path = Domain;
			sourceTree = "<group>";
		};
		EBB3A6CA282574160049ABED /* Data */ = {
			isa = PBXGroup;
			children = (
				EBF5B0C728299D7A00688DDE /* Helpers */,
				EBF5B0BF28298EF300688DDE /* UseCases */,
				EBF5B0C028298F0C00688DDE /* Http */,
			);
			path = Data;
			sourceTree = "<group>";
		};
		EBB3A6D4282574160049ABED /* DataTests */ = {
			isa = PBXGroup;
			children = (
				EBF5B0CF2829BE3700688DDE /* Http */,
				EBF5B0CA2829BD5200688DDE /* Helpers */,
				EBF5B0C128298F1800688DDE /* UseCases */,
			);
			path = DataTests;
			sourceTree = "<group>";
		};
		EBB3A6DE2825747B0049ABED /* Frameworks */ = {
			isa = PBXGroup;
			children = (
			);
			name = Frameworks;
			sourceTree = "<group>";
		};
		EBF5B0BD28298EB800688DDE /* UseCases */ = {
			isa = PBXGroup;
			children = (
				EBB3A6C0282570FB0049ABED /* AddAccount.swift */,
			);
			path = UseCases;
			sourceTree = "<group>";
		};
		EBF5B0BE28298ED100688DDE /* Models */ = {
			isa = PBXGroup;
			children = (
				EBB3A6C22825733F0049ABED /* AccountModel.swift */,
				EBF5B0B728298D0400688DDE /* Model.swift */,
			);
			path = Models;
			sourceTree = "<group>";
		};
		EBF5B0BF28298EF300688DDE /* UseCases */ = {
			isa = PBXGroup;
			children = (
				EBF5B0B928298DD400688DDE /* RemoteAddAccount.swift */,
			);
			path = UseCases;
			sourceTree = "<group>";
		};
		EBF5B0C028298F0C00688DDE /* Http */ = {
			isa = PBXGroup;
			children = (
				EBF5B0BB28298E3D00688DDE /* HttpPostClient.swift */,
				EBF5B0C5282993F100688DDE /* HttpError.swift */,
			);
			path = Http;
			sourceTree = "<group>";
		};
		EBF5B0C128298F1800688DDE /* UseCases */ = {
			isa = PBXGroup;
			children = (
				EBB3A6D5282574160049ABED /* RemoteAddAccountTests.swift */,
			);
			path = UseCases;
			sourceTree = "<group>";
		};
		EBF5B0C2282991BD00688DDE /* Errors */ = {
			isa = PBXGroup;
			children = (
				EBF5B0C3282991CA00688DDE /* DomainError.swift */,
			);
			path = Errors;
			sourceTree = "<group>";
		};
		EBF5B0C728299D7A00688DDE /* Helpers */ = {
			isa = PBXGroup;
			children = (
				EBF5B0C828299D9400688DDE /* ExtensionHelpers.swift */,
			);
			path = Helpers;
			sourceTree = "<group>";
		};
		EBF5B0CA2829BD5200688DDE /* Helpers */ = {
			isa = PBXGroup;
			children = (
				EBF5B0CB2829BD8500688DDE /* TestExtensions.swift */,
				EBF5B0CD2829BDF200688DDE /* TestFactories.swift */,
				EBF5B0D22829BE9800688DDE /* AccountModelFactory.swift */,
			);
			path = Helpers;
			sourceTree = "<group>";
		};
		EBF5B0CF2829BE3700688DDE /* Http */ = {
			isa = PBXGroup;
			children = (
				EBF5B0D02829BE3F00688DDE /* HttpClientSpy.swift */,
			);
			path = Http;
			sourceTree = "<group>";
		};
/* End PBXGroup section */

/* Begin PBXHeadersBuildPhase section */
		EBB3A6B428256D7D0049ABED /* Headers */ = {
			isa = PBXHeadersBuildPhase;
			buildActionMask = 2147483647;
			files = (
			);
			runOnlyForDeploymentPostprocessing = 0;
		};
		EBB3A6C4282574160049ABED /* Headers */ = {
			isa = PBXHeadersBuildPhase;
			buildActionMask = 2147483647;
			files = (
			);
			runOnlyForDeploymentPostprocessing = 0;
		};
/* End PBXHeadersBuildPhase section */

/* Begin PBXNativeTarget section */
		EBB3A6B828256D7D0049ABED /* Domain */ = {
			isa = PBXNativeTarget;
			buildConfigurationList = EBB3A6BD28256D7D0049ABED /* Build configuration list for PBXNativeTarget "Domain" */;
			buildPhases = (
				EBB3A6B428256D7D0049ABED /* Headers */,
				EBB3A6B528256D7D0049ABED /* Sources */,
				EBB3A6B628256D7D0049ABED /* Frameworks */,
				EBB3A6B728256D7D0049ABED /* Resources */,
			);
			buildRules = (
			);
			dependencies = (
			);
			name = Domain;
			productName = Domain;
			productReference = EBB3A6B928256D7D0049ABED /* Domain.framework */;
			productType = "com.apple.product-type.framework";
		};
		EBB3A6C8282574160049ABED /* Data */ = {
			isa = PBXNativeTarget;
			buildConfigurationList = EBB3A6D8282574160049ABED /* Build configuration list for PBXNativeTarget "Data" */;
			buildPhases = (
				EBB3A6C4282574160049ABED /* Headers */,
				EBB3A6C5282574160049ABED /* Sources */,
				EBB3A6C6282574160049ABED /* Frameworks */,
				EBB3A6C7282574160049ABED /* Resources */,
				EBB3A6E32825747B0049ABED /* Embed Frameworks */,
			);
			buildRules = (
			);
			dependencies = (
				EBB3A6E22825747B0049ABED /* PBXTargetDependency */,
			);
			name = Data;
			productName = Data;
			productReference = EBB3A6C9282574160049ABED /* Data.framework */;
			productType = "com.apple.product-type.framework";
		};
		EBB3A6CF282574160049ABED /* DataTests */ = {
			isa = PBXNativeTarget;
			buildConfigurationList = EBB3A6DB282574160049ABED /* Build configuration list for PBXNativeTarget "DataTests" */;
			buildPhases = (
				EBB3A6CC282574160049ABED /* Sources */,
				EBB3A6CD282574160049ABED /* Frameworks */,
				EBB3A6CE282574160049ABED /* Resources */,
			);
			buildRules = (
			);
			dependencies = (
				EBB3A6D3282574160049ABED /* PBXTargetDependency */,
			);
			name = DataTests;
			productName = DataTests;
			productReference = EBB3A6D0282574160049ABED /* DataTests.xctest */;
			productType = "com.apple.product-type.bundle.unit-test";
		};
/* End PBXNativeTarget section */

/* Begin PBXProject section */
		EBB3A69528256AD10049ABED /* Project object */ = {
			isa = PBXProject;
			attributes = {
				BuildIndependentTargetsInParallel = 1;
				LastSwiftUpdateCheck = 1330;
				LastUpgradeCheck = 1330;
				TargetAttributes = {
					EBB3A6B828256D7D0049ABED = {
						CreatedOnToolsVersion = 13.3.1;
						LastSwiftMigration = 1330;
					};
					EBB3A6C8282574160049ABED = {
						CreatedOnToolsVersion = 13.3.1;
						LastSwiftMigration = 1330;
					};
					EBB3A6CF282574160049ABED = {
						CreatedOnToolsVersion = 13.3.1;
					};
				};
			};
			buildConfigurationList = EBB3A69828256AD10049ABED /* Build configuration list for PBXProject "CleanApp" */;
			compatibilityVersion = "Xcode 13.0";
			developmentRegion = en;
			hasScannedForEncodings = 0;
			knownRegions = (
				en,
				Base,
			);
			mainGroup = EBB3A69428256AD10049ABED;
			productRefGroup = EBB3A69F28256AD10049ABED /* Products */;
			projectDirPath = "";
			projectRoot = "";
			targets = (
				EBB3A6B828256D7D0049ABED /* Domain */,
				EBB3A6C8282574160049ABED /* Data */,
				EBB3A6CF282574160049ABED /* DataTests */,
			);
		};
/* End PBXProject section */

/* Begin PBXResourcesBuildPhase section */
		EBB3A6B728256D7D0049ABED /* Resources */ = {
			isa = PBXResourcesBuildPhase;
			buildActionMask = 2147483647;
			files = (
			);
			runOnlyForDeploymentPostprocessing = 0;
		};
		EBB3A6C7282574160049ABED /* Resources */ = {
			isa = PBXResourcesBuildPhase;
			buildActionMask = 2147483647;
			files = (
			);
			runOnlyForDeploymentPostprocessing = 0;
		};
		EBB3A6CE282574160049ABED /* Resources */ = {
			isa = PBXResourcesBuildPhase;
			buildActionMask = 2147483647;
			files = (
			);
			runOnlyForDeploymentPostprocessing = 0;
		};
/* End PBXResourcesBuildPhase section */

/* Begin PBXSourcesBuildPhase section */
		EBB3A6B528256D7D0049ABED /* Sources */ = {
			isa = PBXSourcesBuildPhase;
			buildActionMask = 2147483647;
			files = (
				EBF5B0B828298D0400688DDE /* Model.swift in Sources */,
				EBB3A6C1282570FB0049ABED /* AddAccount.swift in Sources */,
				EBF5B0C4282991CA00688DDE /* DomainError.swift in Sources */,
				EBB3A6C32825733F0049ABED /* AccountModel.swift in Sources */,
			);
			runOnlyForDeploymentPostprocessing = 0;
		};
		EBB3A6C5282574160049ABED /* Sources */ = {
			isa = PBXSourcesBuildPhase;
			buildActionMask = 2147483647;
			files = (
				EBF5B0BC28298E3D00688DDE /* HttpPostClient.swift in Sources */,
				EBF5B0C928299D9400688DDE /* ExtensionHelpers.swift in Sources */,
				EBF5B0C6282993F100688DDE /* HttpError.swift in Sources */,
				EBF5B0BA28298DD400688DDE /* RemoteAddAccount.swift in Sources */,
			);
			runOnlyForDeploymentPostprocessing = 0;
		};
		EBB3A6CC282574160049ABED /* Sources */ = {
			isa = PBXSourcesBuildPhase;
			buildActionMask = 2147483647;
			files = (
				EBF5B0CE2829BDF200688DDE /* TestFactories.swift in Sources */,
				EBF5B0D12829BE3F00688DDE /* HttpClientSpy.swift in Sources */,
				EBB3A6D6282574160049ABED /* RemoteAddAccountTests.swift in Sources */,
				EBF5B0D32829BE9800688DDE /* AccountModelFactory.swift in Sources */,
				EBF5B0CC2829BD8500688DDE /* TestExtensions.swift in Sources */,
			);
			runOnlyForDeploymentPostprocessing = 0;
		};
/* End PBXSourcesBuildPhase section */

/* Begin PBXTargetDependency section */
		EBB3A6D3282574160049ABED /* PBXTargetDependency */ = {
			isa = PBXTargetDependency;
			target = EBB3A6C8282574160049ABED /* Data */;
			targetProxy = EBB3A6D2282574160049ABED /* PBXContainerItemProxy */;
		};
		EBB3A6E22825747B0049ABED /* PBXTargetDependency */ = {
			isa = PBXTargetDependency;
			target = EBB3A6B828256D7D0049ABED /* Domain */;
			targetProxy = EBB3A6E12825747B0049ABED /* PBXContainerItemProxy */;
		};
/* End PBXTargetDependency section */

/* Begin XCBuildConfiguration section */
		EBB3A6A328256AD10049ABED /* Debug */ = {
			isa = XCBuildConfiguration;
			buildSettings = {
				ALWAYS_SEARCH_USER_PATHS = NO;
				CLANG_ANALYZER_NONNULL = YES;
				CLANG_ANALYZER_NUMBER_OBJECT_CONVERSION = YES_AGGRESSIVE;
				CLANG_CXX_LANGUAGE_STANDARD = "gnu++17";
				CLANG_ENABLE_MODULES = YES;
				CLANG_ENABLE_OBJC_ARC = YES;
				CLANG_ENABLE_OBJC_WEAK = YES;
				CLANG_WARN_BLOCK_CAPTURE_AUTORELEASING = YES;
				CLANG_WARN_BOOL_CONVERSION = YES;
				CLANG_WARN_COMMA = YES;
				CLANG_WARN_CONSTANT_CONVERSION = YES;
				CLANG_WARN_DEPRECATED_OBJC_IMPLEMENTATIONS = YES;
				CLANG_WARN_DIRECT_OBJC_ISA_USAGE = YES_ERROR;
				CLANG_WARN_DOCUMENTATION_COMMENTS = YES;
				CLANG_WARN_EMPTY_BODY = YES;
				CLANG_WARN_ENUM_CONVERSION = YES;
				CLANG_WARN_INFINITE_RECURSION = YES;
				CLANG_WARN_INT_CONVERSION = YES;
				CLANG_WARN_NON_LITERAL_NULL_CONVERSION = YES;
				CLANG_WARN_OBJC_IMPLICIT_RETAIN_SELF = YES;
				CLANG_WARN_OBJC_LITERAL_CONVERSION = YES;
				CLANG_WARN_OBJC_ROOT_CLASS = YES_ERROR;
				CLANG_WARN_QUOTED_INCLUDE_IN_FRAMEWORK_HEADER = YES;
				CLANG_WARN_RANGE_LOOP_ANALYSIS = YES;
				CLANG_WARN_STRICT_PROTOTYPES = YES;
				CLANG_WARN_SUSPICIOUS_MOVE = YES;
				CLANG_WARN_UNGUARDED_AVAILABILITY = YES_AGGRESSIVE;
				CLANG_WARN_UNREACHABLE_CODE = YES;
				CLANG_WARN__DUPLICATE_METHOD_MATCH = YES;
				COPY_PHASE_STRIP = NO;
				CURRENT_PROJECT_VERSION = 1;
				DEBUG_INFORMATION_FORMAT = dwarf;
				ENABLE_STRICT_OBJC_MSGSEND = YES;
				ENABLE_TESTABILITY = YES;
				GCC_C_LANGUAGE_STANDARD = gnu11;
				GCC_DYNAMIC_NO_PIC = NO;
				GCC_NO_COMMON_BLOCKS = YES;
				GCC_OPTIMIZATION_LEVEL = 0;
				GCC_PREPROCESSOR_DEFINITIONS = (
					"DEBUG=1",
					"$(inherited)",
				);
				GCC_WARN_64_TO_32_BIT_CONVERSION = YES;
				GCC_WARN_ABOUT_RETURN_TYPE = YES_ERROR;
				GCC_WARN_UNDECLARED_SELECTOR = YES;
				GCC_WARN_UNINITIALIZED_AUTOS = YES_AGGRESSIVE;
				GCC_WARN_UNUSED_FUNCTION = YES;
				GCC_WARN_UNUSED_VARIABLE = YES;
				IPHONEOS_DEPLOYMENT_TARGET = 15.4;
				MTL_ENABLE_DEBUG_INFO = INCLUDE_SOURCE;
				MTL_FAST_MATH = YES;
				ONLY_ACTIVE_ARCH = YES;
				SDKROOT = iphoneos;
				SWIFT_ACTIVE_COMPILATION_CONDITIONS = DEBUG;
				SWIFT_OPTIMIZATION_LEVEL = "-Onone";
				VERSIONING_SYSTEM = "apple-generic";
				VERSION_INFO_PREFIX = "";
			};
			name = Debug;
		};
		EBB3A6A428256AD10049ABED /* Release */ = {
			isa = XCBuildConfiguration;
			buildSettings = {
				ALWAYS_SEARCH_USER_PATHS = NO;
				CLANG_ANALYZER_NONNULL = YES;
				CLANG_ANALYZER_NUMBER_OBJECT_CONVERSION = YES_AGGRESSIVE;
				CLANG_CXX_LANGUAGE_STANDARD = "gnu++17";
				CLANG_ENABLE_MODULES = YES;
				CLANG_ENABLE_OBJC_ARC = YES;
				CLANG_ENABLE_OBJC_WEAK = YES;
				CLANG_WARN_BLOCK_CAPTURE_AUTORELEASING = YES;
				CLANG_WARN_BOOL_CONVERSION = YES;
				CLANG_WARN_COMMA = YES;
				CLANG_WARN_CONSTANT_CONVERSION = YES;
				CLANG_WARN_DEPRECATED_OBJC_IMPLEMENTATIONS = YES;
				CLANG_WARN_DIRECT_OBJC_ISA_USAGE = YES_ERROR;
				CLANG_WARN_DOCUMENTATION_COMMENTS = YES;
				CLANG_WARN_EMPTY_BODY = YES;
				CLANG_WARN_ENUM_CONVERSION = YES;
				CLANG_WARN_INFINITE_RECURSION = YES;
				CLANG_WARN_INT_CONVERSION = YES;
				CLANG_WARN_NON_LITERAL_NULL_CONVERSION = YES;
				CLANG_WARN_OBJC_IMPLICIT_RETAIN_SELF = YES;
				CLANG_WARN_OBJC_LITERAL_CONVERSION = YES;
				CLANG_WARN_OBJC_ROOT_CLASS = YES_ERROR;
				CLANG_WARN_QUOTED_INCLUDE_IN_FRAMEWORK_HEADER = YES;
				CLANG_WARN_RANGE_LOOP_ANALYSIS = YES;
				CLANG_WARN_STRICT_PROTOTYPES = YES;
				CLANG_WARN_SUSPICIOUS_MOVE = YES;
				CLANG_WARN_UNGUARDED_AVAILABILITY = YES_AGGRESSIVE;
				CLANG_WARN_UNREACHABLE_CODE = YES;
				CLANG_WARN__DUPLICATE_METHOD_MATCH = YES;
				COPY_PHASE_STRIP = NO;
				CURRENT_PROJECT_VERSION = 1;
				DEBUG_INFORMATION_FORMAT = "dwarf-with-dsym";
				ENABLE_NS_ASSERTIONS = NO;
				ENABLE_STRICT_OBJC_MSGSEND = YES;
				GCC_C_LANGUAGE_STANDARD = gnu11;
				GCC_NO_COMMON_BLOCKS = YES;
				GCC_WARN_64_TO_32_BIT_CONVERSION = YES;
				GCC_WARN_ABOUT_RETURN_TYPE = YES_ERROR;
				GCC_WARN_UNDECLARED_SELECTOR = YES;
				GCC_WARN_UNINITIALIZED_AUTOS = YES_AGGRESSIVE;
				GCC_WARN_UNUSED_FUNCTION = YES;
				GCC_WARN_UNUSED_VARIABLE = YES;
				IPHONEOS_DEPLOYMENT_TARGET = 15.4;
				MTL_ENABLE_DEBUG_INFO = NO;
				MTL_FAST_MATH = YES;
				SDKROOT = iphoneos;
				SWIFT_COMPILATION_MODE = wholemodule;
				SWIFT_OPTIMIZATION_LEVEL = "-O";
				VALIDATE_PRODUCT = YES;
				VERSIONING_SYSTEM = "apple-generic";
				VERSION_INFO_PREFIX = "";
			};
			name = Release;
		};
		EBB3A6BE28256D7D0049ABED /* Debug */ = {
			isa = XCBuildConfiguration;
			buildSettings = {
				CLANG_ENABLE_MODULES = YES;
				CODE_SIGN_STYLE = Automatic;
				COMBINE_HIDPI_IMAGES = YES;
				CURRENT_PROJECT_VERSION = 1;
				DEFINES_MODULE = YES;
				DYLIB_COMPATIBILITY_VERSION = 1;
				DYLIB_CURRENT_VERSION = 1;
				DYLIB_INSTALL_NAME_BASE = "@rpath";
				GENERATE_INFOPLIST_FILE = YES;
				INFOPLIST_KEY_NSHumanReadableCopyright = "";
				INSTALL_PATH = "$(LOCAL_LIBRARY_DIR)/Frameworks";
				LD_RUNPATH_SEARCH_PATHS = (
					"$(inherited)",
					"@executable_path/../Frameworks",
					"@loader_path/Frameworks",
				);
				MACOSX_DEPLOYMENT_TARGET = 12.3;
				MARKETING_VERSION = 1.0;
				PRODUCT_BUNDLE_IDENTIFIER = MacBook.Domain;
				PRODUCT_NAME = "$(TARGET_NAME:c99extidentifier)";
				SDKROOT = macosx;
				SKIP_INSTALL = YES;
				SWIFT_EMIT_LOC_STRINGS = YES;
				SWIFT_OPTIMIZATION_LEVEL = "-Onone";
				SWIFT_VERSION = 5.0;
			};
			name = Debug;
		};
		EBB3A6BF28256D7D0049ABED /* Release */ = {
			isa = XCBuildConfiguration;
			buildSettings = {
				CLANG_ENABLE_MODULES = YES;
				CODE_SIGN_STYLE = Automatic;
				COMBINE_HIDPI_IMAGES = YES;
				CURRENT_PROJECT_VERSION = 1;
				DEFINES_MODULE = YES;
				DYLIB_COMPATIBILITY_VERSION = 1;
				DYLIB_CURRENT_VERSION = 1;
				DYLIB_INSTALL_NAME_BASE = "@rpath";
				GENERATE_INFOPLIST_FILE = YES;
				INFOPLIST_KEY_NSHumanReadableCopyright = "";
				INSTALL_PATH = "$(LOCAL_LIBRARY_DIR)/Frameworks";
				LD_RUNPATH_SEARCH_PATHS = (
					"$(inherited)",
					"@executable_path/../Frameworks",
					"@loader_path/Frameworks",
				);
				MACOSX_DEPLOYMENT_TARGET = 12.3;
				MARKETING_VERSION = 1.0;
				PRODUCT_BUNDLE_IDENTIFIER = MacBook.Domain;
				PRODUCT_NAME = "$(TARGET_NAME:c99extidentifier)";
				SDKROOT = macosx;
				SKIP_INSTALL = YES;
				SWIFT_EMIT_LOC_STRINGS = YES;
				SWIFT_VERSION = 5.0;
			};
			name = Release;
		};
		EBB3A6D9282574160049ABED /* Debug */ = {
			isa = XCBuildConfiguration;
			buildSettings = {
				CLANG_ENABLE_MODULES = YES;
				CODE_SIGN_STYLE = Automatic;
				COMBINE_HIDPI_IMAGES = YES;
				CURRENT_PROJECT_VERSION = 1;
				DEFINES_MODULE = YES;
				DYLIB_COMPATIBILITY_VERSION = 1;
				DYLIB_CURRENT_VERSION = 1;
				DYLIB_INSTALL_NAME_BASE = "@rpath";
				GENERATE_INFOPLIST_FILE = YES;
				INFOPLIST_KEY_NSHumanReadableCopyright = "";
				INSTALL_PATH = "$(LOCAL_LIBRARY_DIR)/Frameworks";
				LD_RUNPATH_SEARCH_PATHS = (
					"$(inherited)",
					"@executable_path/../Frameworks",
					"@loader_path/Frameworks",
				);
				MACOSX_DEPLOYMENT_TARGET = 12.3;
				MARKETING_VERSION = 1.0;
				PRODUCT_BUNDLE_IDENTIFIER = MacBook.Data;
				PRODUCT_NAME = "$(TARGET_NAME:c99extidentifier)";
				SDKROOT = macosx;
				SKIP_INSTALL = YES;
				SWIFT_EMIT_LOC_STRINGS = YES;
				SWIFT_OPTIMIZATION_LEVEL = "-Onone";
				SWIFT_VERSION = 5.0;
			};
			name = Debug;
		};
		EBB3A6DA282574160049ABED /* Release */ = {
			isa = XCBuildConfiguration;
			buildSettings = {
				CLANG_ENABLE_MODULES = YES;
				CODE_SIGN_STYLE = Automatic;
				COMBINE_HIDPI_IMAGES = YES;
				CURRENT_PROJECT_VERSION = 1;
				DEFINES_MODULE = YES;
				DYLIB_COMPATIBILITY_VERSION = 1;
				DYLIB_CURRENT_VERSION = 1;
				DYLIB_INSTALL_NAME_BASE = "@rpath";
				GENERATE_INFOPLIST_FILE = YES;
				INFOPLIST_KEY_NSHumanReadableCopyright = "";
				INSTALL_PATH = "$(LOCAL_LIBRARY_DIR)/Frameworks";
				LD_RUNPATH_SEARCH_PATHS = (
					"$(inherited)",
					"@executable_path/../Frameworks",
					"@loader_path/Frameworks",
				);
				MACOSX_DEPLOYMENT_TARGET = 12.3;
				MARKETING_VERSION = 1.0;
				PRODUCT_BUNDLE_IDENTIFIER = MacBook.Data;
				PRODUCT_NAME = "$(TARGET_NAME:c99extidentifier)";
				SDKROOT = macosx;
				SKIP_INSTALL = YES;
				SWIFT_EMIT_LOC_STRINGS = YES;
				SWIFT_VERSION = 5.0;
			};
			name = Release;
		};
		EBB3A6DC282574160049ABED /* Debug */ = {
			isa = XCBuildConfiguration;
			buildSettings = {
				ALWAYS_EMBED_SWIFT_STANDARD_LIBRARIES = YES;
				CODE_SIGN_STYLE = Automatic;
				CURRENT_PROJECT_VERSION = 1;
				GENERATE_INFOPLIST_FILE = YES;
				MACOSX_DEPLOYMENT_TARGET = 12.3;
				MARKETING_VERSION = 1.0;
				PRODUCT_BUNDLE_IDENTIFIER = MacBook.DataTests;
				PRODUCT_NAME = "$(TARGET_NAME)";
				SDKROOT = macosx;
				SWIFT_EMIT_LOC_STRINGS = NO;
				SWIFT_VERSION = 5.0;
			};
			name = Debug;
		};
		EBB3A6DD282574160049ABED /* Release */ = {
			isa = XCBuildConfiguration;
			buildSettings = {
				ALWAYS_EMBED_SWIFT_STANDARD_LIBRARIES = YES;
				CODE_SIGN_STYLE = Automatic;
				CURRENT_PROJECT_VERSION = 1;
				GENERATE_INFOPLIST_FILE = YES;
				MACOSX_DEPLOYMENT_TARGET = 12.3;
				MARKETING_VERSION = 1.0;
				PRODUCT_BUNDLE_IDENTIFIER = MacBook.DataTests;
				PRODUCT_NAME = "$(TARGET_NAME)";
				SDKROOT = macosx;
				SWIFT_EMIT_LOC_STRINGS = NO;
				SWIFT_VERSION = 5.0;
			};
			name = Release;
		};
/* End XCBuildConfiguration section */

/* Begin XCConfigurationList section */
		EBB3A69828256AD10049ABED /* Build configuration list for PBXProject "CleanApp" */ = {
			isa = XCConfigurationList;
			buildConfigurations = (
				EBB3A6A328256AD10049ABED /* Debug */,
				EBB3A6A428256AD10049ABED /* Release */,
			);
			defaultConfigurationIsVisible = 0;
			defaultConfigurationName = Release;
		};
		EBB3A6BD28256D7D0049ABED /* Build configuration list for PBXNativeTarget "Domain" */ = {
			isa = XCConfigurationList;
			buildConfigurations = (
				EBB3A6BE28256D7D0049ABED /* Debug */,
				EBB3A6BF28256D7D0049ABED /* Release */,
			);
			defaultConfigurationIsVisible = 0;
			defaultConfigurationName = Release;
		};
		EBB3A6D8282574160049ABED /* Build configuration list for PBXNativeTarget "Data" */ = {
			isa = XCConfigurationList;
			buildConfigurations = (
				EBB3A6D9282574160049ABED /* Debug */,
				EBB3A6DA282574160049ABED /* Release */,
			);
			defaultConfigurationIsVisible = 0;
			defaultConfigurationName = Release;
		};
		EBB3A6DB282574160049ABED /* Build configuration list for PBXNativeTarget "DataTests" */ = {
			isa = XCConfigurationList;
			buildConfigurations = (
				EBB3A6DC282574160049ABED /* Debug */,
				EBB3A6DD282574160049ABED /* Release */,
			);
			defaultConfigurationIsVisible = 0;
			defaultConfigurationName = Release;
		};
/* End XCConfigurationList section */
	};
	rootObject = EBB3A69528256AD10049ABED /* Project object */;
}
